// !$*UTF8*$!
{
	archiveVersion = 1;
	classes = {
	};
	objectVersion = 46;
	objects = {

/* Begin PBXBuildFile section */
		5F2B33C91B7777370024D2D4 /* main.m in Sources */ = {isa = PBXBuildFile; fileRef = 5F2B33C81B7777370024D2D4 /* main.m */; };
		5F2B33CC1B7777370024D2D4 /* AppDelegate.m in Sources */ = {isa = PBXBuildFile; fileRef = 5F2B33CB1B7777370024D2D4 /* AppDelegate.m */; };
		5F2B33CF1B7777370024D2D4 /* ViewController.m in Sources */ = {isa = PBXBuildFile; fileRef = 5F2B33CE1B7777370024D2D4 /* ViewController.m */; };
		5F2B33D21B7777370024D2D4 /* Main.storyboard in Resources */ = {isa = PBXBuildFile; fileRef = 5F2B33D01B7777370024D2D4 /* Main.storyboard */; };
		5F2B33D41B7777370024D2D4 /* Images.xcassets in Resources */ = {isa = PBXBuildFile; fileRef = 5F2B33D31B7777370024D2D4 /* Images.xcassets */; };
		5F2B33D71B7777370024D2D4 /* LaunchScreen.xib in Resources */ = {isa = PBXBuildFile; fileRef = 5F2B33D51B7777370024D2D4 /* LaunchScreen.xib */; };
		5F2B33E31B7777380024D2D4 /* SplashAnimiationDemoTests.m in Sources */ = {isa = PBXBuildFile; fileRef = 5F2B33E21B7777380024D2D4 /* SplashAnimiationDemoTests.m */; };
/* End PBXBuildFile section */

/* Begin PBXContainerItemProxy section */
		5F2B33DD1B7777380024D2D4 /* PBXContainerItemProxy */ = {
			isa = PBXContainerItemProxy;
			containerPortal = 5F2B33BB1B7777360024D2D4 /* Project object */;
			proxyType = 1;
			remoteGlobalIDString = 5F2B33C21B7777360024D2D4;
			remoteInfo = SplashAnimiationDemo;
		};
/* End PBXContainerItemProxy section */

/* Begin PBXFileReference section */
		5F2B33C31B7777360024D2D4 /* SplashAnimiationDemo.app */ = {isa = PBXFileReference; explicitFileType = wrapper.application; includeInIndex = 0; path = SplashAnimiationDemo.app; sourceTree = BUILT_PRODUCTS_DIR; };
		5F2B33C71B7777370024D2D4 /* Info.plist */ = {isa = PBXFileReference; lastKnownFileType = text.plist.xml; path = Info.plist; sourceTree = "<group>"; };
		5F2B33C81B7777370024D2D4 /* main.m */ = {isa = PBXFileReference; lastKnownFileType = sourcecode.c.objc; path = main.m; sourceTree = "<group>"; };
		5F2B33CA1B7777370024D2D4 /* AppDelegate.h */ = {isa = PBXFileReference; lastKnownFileType = sourcecode.c.h; path = AppDelegate.h; sourceTree = "<group>"; };
		5F2B33CB1B7777370024D2D4 /* AppDelegate.m */ = {isa = PBXFileReference; lastKnownFileType = sourcecode.c.objc; path = AppDelegate.m; sourceTree = "<group>"; };
		5F2B33CD1B7777370024D2D4 /* ViewController.h */ = {isa = PBXFileReference; lastKnownFileType = sourcecode.c.h; path = ViewController.h; sourceTree = "<group>"; };
		5F2B33CE1B7777370024D2D4 /* ViewController.m */ = {isa = PBXFileReference; lastKnownFileType = sourcecode.c.objc; path = ViewController.m; sourceTree = "<group>"; };
		5F2B33D11B7777370024D2D4 /* Base */ = {isa = PBXFileReference; lastKnownFileType = file.storyboard; name = Base; path = Base.lproj/Main.storyboard; sourceTree = "<group>"; };
		5F2B33D31B7777370024D2D4 /* Images.xcassets */ = {isa = PBXFileReference; lastKnownFileType = folder.assetcatalog; path = Images.xcassets; sourceTree = "<group>"; };
		5F2B33D61B7777370024D2D4 /* Base */ = {isa = PBXFileReference; lastKnownFileType = file.xib; name = Base; path = Base.lproj/LaunchScreen.xib; sourceTree = "<group>"; };
		5F2B33DC1B7777380024D2D4 /* SplashAnimiationDemoTests.xctest */ = {isa = PBXFileReference; explicitFileType = wrapper.cfbundle; includeInIndex = 0; path = SplashAnimiationDemoTests.xctest; sourceTree = BUILT_PRODUCTS_DIR; };
		5F2B33E11B7777380024D2D4 /* Info.plist */ = {isa = PBXFileReference; lastKnownFileType = text.plist.xml; path = Info.plist; sourceTree = "<group>"; };
		5F2B33E21B7777380024D2D4 /* SplashAnimiationDemoTests.m */ = {isa = PBXFileReference; lastKnownFileType = sourcecode.c.objc; path = SplashAnimiationDemoTests.m; sourceTree = "<group>"; };
/* End PBXFileReference section */

/* Begin PBXFrameworksBuildPhase section */
		5F2B33C01B7777360024D2D4 /* Frameworks */ = {
			isa = PBXFrameworksBuildPhase;
			buildActionMask = 2147483647;
			files = (
			);
			runOnlyForDeploymentPostprocessing = 0;
		};
		5F2B33D91B7777380024D2D4 /* Frameworks */ = {
			isa = PBXFrameworksBuildPhase;
			buildActionMask = 2147483647;
			files = (
			);
			runOnlyForDeploymentPostprocessing = 0;
		};
/* End PBXFrameworksBuildPhase section */

/* Begin PBXGroup section */
		5F2B33BA1B7777360024D2D4 = {
			isa = PBXGroup;
			children = (
				5F2B33C51B7777360024D2D4 /* SplashAnimiationDemo */,
				5F2B33DF1B7777380024D2D4 /* SplashAnimiationDemoTests */,
				5F2B33C41B7777360024D2D4 /* Products */,
			);
			sourceTree = "<group>";
		};
		5F2B33C41B7777360024D2D4 /* Products */ = {
			isa = PBXGroup;
			children = (
				5F2B33C31B7777360024D2D4 /* SplashAnimiationDemo.app */,
				5F2B33DC1B7777380024D2D4 /* SplashAnimiationDemoTests.xctest */,
			);
			name = Products;
			sourceTree = "<group>";
		};
		5F2B33C51B7777360024D2D4 /* SplashAnimiationDemo */ = {
			isa = PBXGroup;
			children = (
				5F2B33CA1B7777370024D2D4 /* AppDelegate.h */,
				5F2B33CB1B7777370024D2D4 /* AppDelegate.m */,
				5F2B33CD1B7777370024D2D4 /* ViewController.h */,
				5F2B33CE1B7777370024D2D4 /* ViewController.m */,
				5F2B33D01B7777370024D2D4 /* Main.storyboard */,
				5F2B33D31B7777370024D2D4 /* Images.xcassets */,
				5F2B33D51B7777370024D2D4 /* LaunchScreen.xib */,
				5F2B33C61B7777360024D2D4 /* Supporting Files */,
			);
			path = SplashAnimiationDemo;
			sourceTree = "<group>";
		};
		5F2B33C61B7777360024D2D4 /* Supporting Files */ = {
			isa = PBXGroup;
			children = (
				5F2B33C71B7777370024D2D4 /* Info.plist */,
				5F2B33C81B7777370024D2D4 /* main.m */,
			);
			name = "Supporting Files";
			sourceTree = "<group>";
		};
		5F2B33DF1B7777380024D2D4 /* SplashAnimiationDemoTests */ = {
			isa = PBXGroup;
			children = (
				5F2B33E21B7777380024D2D4 /* SplashAnimiationDemoTests.m */,
				5F2B33E01B7777380024D2D4 /* Supporting Files */,
			);
			path = SplashAnimiationDemoTests;
			sourceTree = "<group>";
		};
		5F2B33E01B7777380024D2D4 /* Supporting Files */ = {
			isa = PBXGroup;
			children = (
				5F2B33E11B7777380024D2D4 /* Info.plist */,
			);
			name = "Supporting Files";
			sourceTree = "<group>";
		};
/* End PBXGroup section */

/* Begin PBXNativeTarget section */
		5F2B33C21B7777360024D2D4 /* SplashAnimiationDemo */ = {
			isa = PBXNativeTarget;
			buildConfigurationList = 5F2B33E61B7777380024D2D4 /* Build configuration list for PBXNativeTarget "SplashAnimiationDemo" */;
			buildPhases = (
				5F2B33BF1B7777360024D2D4 /* Sources */,
				5F2B33C01B7777360024D2D4 /* Frameworks */,
				5F2B33C11B7777360024D2D4 /* Resources */,
			);
			buildRules = (
			);
			dependencies = (
			);
			name = SplashAnimiationDemo;
			productName = SplashAnimiationDemo;
			productReference = 5F2B33C31B7777360024D2D4 /* SplashAnimiationDemo.app */;
			productType = "com.apple.product-type.application";
		};
		5F2B33DB1B7777380024D2D4 /* SplashAnimiationDemoTests */ = {
			isa = PBXNativeTarget;
			buildConfigurationList = 5F2B33E91B7777380024D2D4 /* Build configuration list for PBXNativeTarget "SplashAnimiationDemoTests" */;
			buildPhases = (
				5F2B33D81B7777380024D2D4 /* Sources */,
				5F2B33D91B7777380024D2D4 /* Frameworks */,
				5F2B33DA1B7777380024D2D4 /* Resources */,
			);
			buildRules = (
			);
			dependencies = (
				5F2B33DE1B7777380024D2D4 /* PBXTargetDependency */,
			);
			name = SplashAnimiationDemoTests;
			productName = SplashAnimiationDemoTests;
			productReference = 5F2B33DC1B7777380024D2D4 /* SplashAnimiationDemoTests.xctest */;
			productType = "com.apple.product-type.bundle.unit-test";
		};
/* End PBXNativeTarget section */

/* Begin PBXProject section */
		5F2B33BB1B7777360024D2D4 /* Project object */ = {
			isa = PBXProject;
			attributes = {
				LastUpgradeCheck = 0630;
				ORGANIZATIONNAME = "Kitten Yang";
				TargetAttributes = {
					5F2B33C21B7777360024D2D4 = {
						CreatedOnToolsVersion = 6.3;
					};
					5F2B33DB1B7777380024D2D4 = {
						CreatedOnToolsVersion = 6.3;
						TestTargetID = 5F2B33C21B7777360024D2D4;
					};
				};
			};
			buildConfigurationList = 5F2B33BE1B7777360024D2D4 /* Build configuration list for PBXProject "SplashAnimiationDemo" */;
			compatibilityVersion = "Xcode 3.2";
			developmentRegion = English;
			hasScannedForEncodings = 0;
			knownRegions = (
				en,
				Base,
			);
			mainGroup = 5F2B33BA1B7777360024D2D4;
			productRefGroup = 5F2B33C41B7777360024D2D4 /* Products */;
			projectDirPath = "";
			projectRoot = "";
			targets = (
				5F2B33C21B7777360024D2D4 /* SplashAnimiationDemo */,
				5F2B33DB1B7777380024D2D4 /* SplashAnimiationDemoTests */,
			);
		};
/* End PBXProject section */

/* Begin PBXResourcesBuildPhase section */
		5F2B33C11B7777360024D2D4 /* Resources */ = {
			isa = PBXResourcesBuildPhase;
			buildActionMask = 2147483647;
			files = (
				5F2B33D21B7777370024D2D4 /* Main.storyboard in Resources */,
				5F2B33D71B7777370024D2D4 /* LaunchScreen.xib in Resources */,
				5F2B33D41B7777370024D2D4 /* Images.xcassets in Resources */,
			);
			runOnlyForDeploymentPostprocessing = 0;
		};
		5F2B33DA1B7777380024D2D4 /* Resources */ = {
			isa = PBXResourcesBuildPhase;
			buildActionMask = 2147483647;
			files = (
			);
			runOnlyForDeploymentPostprocessing = 0;
		};
/* End PBXResourcesBuildPhase section */

/* Begin PBXSourcesBuildPhase section */
		5F2B33BF1B7777360024D2D4 /* Sources */ = {
			isa = PBXSourcesBuildPhase;
			buildActionMask = 2147483647;
			files = (
				5F2B33CF1B7777370024D2D4 /* ViewController.m in Sources */,
				5F2B33CC1B7777370024D2D4 /* AppDelegate.m in Sources */,
				5F2B33C91B7777370024D2D4 /* main.m in Sources */,
			);
			runOnlyForDeploymentPostprocessing = 0;
		};
		5F2B33D81B7777380024D2D4 /* Sources */ = {
			isa = PBXSourcesBuildPhase;
			buildActionMask = 2147483647;
			files = (
				5F2B33E31B7777380024D2D4 /* SplashAnimiationDemoTests.m in Sources */,
			);
			runOnlyForDeploymentPostprocessing = 0;
		};
/* End PBXSourcesBuildPhase section */

/* Begin PBXTargetDependency section */
		5F2B33DE1B7777380024D2D4 /* PBXTargetDependency */ = {
			isa = PBXTargetDependency;
			target = 5F2B33C21B7777360024D2D4 /* SplashAnimiationDemo */;
			targetProxy = 5F2B33DD1B7777380024D2D4 /* PBXContainerItemProxy */;
		};
/* End PBXTargetDependency section */

/* Begin PBXVariantGroup section */
		5F2B33D01B7777370024D2D4 /* Main.storyboard */ = {
			isa = PBXVariantGroup;
			children = (
				5F2B33D11B7777370024D2D4 /* Base */,
			);
			name = Main.storyboard;
			sourceTree = "<group>";
		};
		5F2B33D51B7777370024D2D4 /* LaunchScreen.xib */ = {
			isa = PBXVariantGroup;
			children = (
				5F2B33D61B7777370024D2D4 /* Base */,
			);
			name = LaunchScreen.xib;
			sourceTree = "<group>";
		};
/* End PBXVariantGroup section */

/* Begin XCBuildConfiguration section */
		5F2B33E41B7777380024D2D4 /* Debug */ = {
			isa = XCBuildConfiguration;
			buildSettings = {
				ALWAYS_SEARCH_USER_PATHS = NO;
				CLANG_CXX_LANGUAGE_STANDARD = "gnu++0x";
				CLANG_CXX_LIBRARY = "libc++";
				CLANG_ENABLE_MODULES = YES;
				CLANG_ENABLE_OBJC_ARC = YES;
				CLANG_WARN_BOOL_CONVERSION = YES;
				CLANG_WARN_CONSTANT_CONVERSION = YES;
				CLANG_WARN_DIRECT_OBJC_ISA_USAGE = YES_ERROR;
				CLANG_WARN_EMPTY_BODY = YES;
				CLANG_WARN_ENUM_CONVERSION = YES;
				CLANG_WARN_INT_CONVERSION = YES;
				CLANG_WARN_OBJC_ROOT_CLASS = YES_ERROR;
				CLANG_WARN_UNREACHABLE_CODE = YES;
				CLANG_WARN__DUPLICATE_METHOD_MATCH = YES;
				"CODE_SIGN_IDENTITY[sdk=iphoneos*]" = "iPhone Developer";
				COPY_PHASE_STRIP = NO;
				DEBUG_INFORMATION_FORMAT = "dwarf-with-dsym";
				ENABLE_STRICT_OBJC_MSGSEND = YES;
				GCC_C_LANGUAGE_STANDARD = gnu99;
				GCC_DYNAMIC_NO_PIC = NO;
				GCC_NO_COMMON_BLOCKS = YES;
				GCC_OPTIMIZATION_LEVEL = 0;
				GCC_PREPROCESSOR_DEFINITIONS = (
					"DEBUG=1",
					"$(inherited)",
				);
				GCC_SYMBOLS_PRIVATE_EXTERN = NO;
				GCC_WARN_64_TO_32_BIT_CONVERSION = YES;
				GCC_WARN_ABOUT_RETURN_TYPE = YES_ERROR;
				GCC_WARN_UNDECLARED_SELECTOR = YES;
				GCC_WARN_UNINITIALIZED_AUTOS = YES_AGGRESSIVE;
				GCC_WARN_UNUSED_FUNCTION = YES;
				GCC_WARN_UNUSED_VARIABLE = YES;
				IPHONEOS_DEPLOYMENT_TARGET = 8.3;
				MTL_ENABLE_DEBUG_INFO = YES;
				ONLY_ACTIVE_ARCH = YES;
				SDKROOT = iphoneos;
				TARGETED_DEVICE_FAMILY = "1,2";
			};
			name = Debug;
		};
		5F2B33E51B7777380024D2D4 /* Release */ = {
			isa = XCBuildConfiguration;
			buildSettings = {
				ALWAYS_SEARCH_USER_PATHS = NO;
				CLANG_CXX_LANGUAGE_STANDARD = "gnu++0x";
				CLANG_CXX_LIBRARY = "libc++";
				CLANG_ENABLE_MODULES = YES;
				CLANG_ENABLE_OBJC_ARC = YES;
				CLANG_WARN_BOOL_CONVERSION = YES;
				CLANG_WARN_CONSTANT_CONVERSION = YES;
				CLANG_WARN_DIRECT_OBJC_ISA_USAGE = YES_ERROR;
				CLANG_WARN_EMPTY_BODY = YES;
				CLANG_WARN_ENUM_CONVERSION = YES;
				CLANG_WARN_INT_CONVERSION = YES;
				CLANG_WARN_OBJC_ROOT_CLASS = YES_ERROR;
				CLANG_WARN_UNREACHABLE_CODE = YES;
				CLANG_WARN__DUPLICATE_METHOD_MATCH = YES;
				"CODE_SIGN_IDENTITY[sdk=iphoneos*]" = "iPhone Developer";
				COPY_PHASE_STRIP = NO;
				DEBUG_INFORMATION_FORMAT = "dwarf-with-dsym";
				ENABLE_NS_ASSERTIONS = NO;
				ENABLE_STRICT_OBJC_MSGSEND = YES;
				GCC_C_LANGUAGE_STANDARD = gnu99;
				GCC_NO_COMMON_BLOCKS = YES;
				GCC_WARN_64_TO_32_BIT_CONVERSION = YES;
				GCC_WARN_ABOUT_RETURN_TYPE = YES_ERROR;
				GCC_WARN_UNDECLARED_SELECTOR = YES;
				GCC_WARN_UNINITIALIZED_AUTOS = YES_AGGRESSIVE;
				GCC_WARN_UNUSED_FUNCTION = YES;
				GCC_WARN_UNUSED_VARIABLE = YES;
				IPHONEOS_DEPLOYMENT_TARGET = 8.3;
				MTL_ENABLE_DEBUG_INFO = NO;
				SDKROOT = iphoneos;
				TARGETED_DEVICE_FAMILY = "1,2";
				VALIDATE_PRODUCT = YES;
			};
			name = Release;
		};
		5F2B33E71B7777380024D2D4 /* Debug */ = {
			isa = XCBuildConfiguration;
			buildSettings = {
				ASSETCATALOG_COMPILER_APPICON_NAME = AppIcon;
				INFOPLIST_FILE = SplashAnimiationDemo/Info.plist;
				LD_RUNPATH_SEARCH_PATHS = "$(inherited) @executable_path/Frameworks";
				PRODUCT_NAME = "$(TARGET_NAME)";
			};
			name = Debug;
		};
		5F2B33E81B7777380024D2D4 /* Release */ = {
			isa = XCBuildConfiguration;
			buildSettings = {
				ASSETCATALOG_COMPILER_APPICON_NAME = AppIcon;
				INFOPLIST_FILE = SplashAnimiationDemo/Info.plist;
				LD_RUNPATH_SEARCH_PATHS = "$(inherited) @executable_path/Frameworks";
				PRODUCT_NAME = "$(TARGET_NAME)";
			};
			name = Release;
		};
		5F2B33EA1B7777380024D2D4 /* Debug */ = {
			isa = XCBuildConfiguration;
			buildSettings = {
				BUNDLE_LOADER = "$(TEST_HOST)";
				FRAMEWORK_SEARCH_PATHS = (
					"$(SDKROOT)/Developer/Library/Frameworks",
					"$(inherited)",
				);
				GCC_PREPROCESSOR_DEFINITIONS = (
					"DEBUG=1",
					"$(inherited)",
				);
				INFOPLIST_FILE = SplashAnimiationDemoTests/Info.plist;
				LD_RUNPATH_SEARCH_PATHS = "$(inherited) @executable_path/Frameworks @loader_path/Frameworks";
				PRODUCT_NAME = "$(TARGET_NAME)";
				TEST_HOST = "$(BUILT_PRODUCTS_DIR)/SplashAnimiationDemo.app/SplashAnimiationDemo";
			};
			name = Debug;
		};
		5F2B33EB1B7777380024D2D4 /* Release */ = {
			isa = XCBuildConfiguration;
			buildSettings = {
				BUNDLE_LOADER = "$(TEST_HOST)";
				FRAMEWORK_SEARCH_PATHS = (
					"$(SDKROOT)/Developer/Library/Frameworks",
					"$(inherited)",
				);
				INFOPLIST_FILE = SplashAnimiationDemoTests/Info.plist;
				LD_RUNPATH_SEARCH_PATHS = "$(inherited) @executable_path/Frameworks @loader_path/Frameworks";
				PRODUCT_NAME = "$(TARGET_NAME)";
				TEST_HOST = "$(BUILT_PRODUCTS_DIR)/SplashAnimiationDemo.app/SplashAnimiationDemo";
			};
			name = Release;
		};
/* End XCBuildConfiguration section */

/* Begin XCConfigurationList section */
		5F2B33BE1B7777360024D2D4 /* Build configuration list for PBXProject "SplashAnimiationDemo" */ = {
			isa = XCConfigurationList;
			buildConfigurations = (
				5F2B33E41B7777380024D2D4 /* Debug */,
				5F2B33E51B7777380024D2D4 /* Release */,
			);
			defaultConfigurationIsVisible = 0;
			defaultConfigurationName = Release;
		};
		5F2B33E61B7777380024D2D4 /* Build configuration list for PBXNativeTarget "SplashAnimiationDemo" */ = {
			isa = XCConfigurationList;
			buildConfigurations = (
				5F2B33E71B7777380024D2D4 /* Debug */,
				5F2B33E81B7777380024D2D4 /* Release */,
			);
			defaultConfigurationIsVisible = 0;
		};
		5F2B33E91B7777380024D2D4 /* Build configuration list for PBXNativeTarget "SplashAnimiationDemoTests" */ = {
			isa = XCConfigurationList;
			buildConfigurations = (
				5F2B33EA1B7777380024D2D4 /* Debug */,
				5F2B33EB1B7777380024D2D4 /* Release */,
			);
			defaultConfigurationIsVisible = 0;
		};
/* End XCConfigurationList section */
	};
	rootObject = 5F2B33BB1B7777360024D2D4 /* Project object */;
}
