// !$*UTF8*$!
{
	archiveVersion = 1;
	classes = {
	};
	objectVersion = 46;
	objects = {

/* Begin PBXBuildFile section */
		5F3130891C377DAD006EF060 /* AppDelegate.swift in Sources */ = {isa = PBXBuildFile; fileRef = 5F3130881C377DAD006EF060 /* AppDelegate.swift */; };
		5F31308B1C377DAD006EF060 /* ViewController.swift in Sources */ = {isa = PBXBuildFile; fileRef = 5F31308A1C377DAD006EF060 /* ViewController.swift */; };
		5F31308E1C377DAD006EF060 /* Main.storyboard in Resources */ = {isa = PBXBuildFile; fileRef = 5F31308C1C377DAD006EF060 /* Main.storyboard */; };
		5F3130901C377DAD006EF060 /* Assets.xcassets in Resources */ = {isa = PBXBuildFile; fileRef = 5F31308F1C377DAD006EF060 /* Assets.xcassets */; };
		5F3130931C377DAD006EF060 /* LaunchScreen.storyboard in Resources */ = {isa = PBXBuildFile; fileRef = 5F3130911C377DAD006EF060 /* LaunchScreen.storyboard */; };
		5F31309E1C377DAD006EF060 /* DynamicActionBlockDemo_SwiftTests.swift in Sources */ = {isa = PBXBuildFile; fileRef = 5F31309D1C377DAD006EF060 /* DynamicActionBlockDemo_SwiftTests.swift */; };
		5F3130A91C377DAD006EF060 /* DynamicActionBlockDemo_SwiftUITests.swift in Sources */ = {isa = PBXBuildFile; fileRef = 5F3130A81C377DAD006EF060 /* DynamicActionBlockDemo_SwiftUITests.swift */; };
		5F3130BB1C37A186006EF060 /* DynamicView.swift in Sources */ = {isa = PBXBuildFile; fileRef = 5F3130BA1C37A186006EF060 /* DynamicView.swift */; settings = {ASSET_TAGS = (); }; };
/* End PBXBuildFile section */

/* Begin PBXContainerItemProxy section */
		5F31309A1C377DAD006EF060 /* PBXContainerItemProxy */ = {
			isa = PBXContainerItemProxy;
			containerPortal = 5F31307D1C377DAC006EF060 /* Project object */;
			proxyType = 1;
			remoteGlobalIDString = 5F3130841C377DAD006EF060;
			remoteInfo = "DynamicActionBlockDemo-Swift";
		};
		5F3130A51C377DAD006EF060 /* PBXContainerItemProxy */ = {
			isa = PBXContainerItemProxy;
			containerPortal = 5F31307D1C377DAC006EF060 /* Project object */;
			proxyType = 1;
			remoteGlobalIDString = 5F3130841C377DAD006EF060;
			remoteInfo = "DynamicActionBlockDemo-Swift";
		};
/* End PBXContainerItemProxy section */

/* Begin PBXFileReference section */
		5F3130851C377DAD006EF060 /* DynamicActionBlockDemo-Swift.app */ = {isa = PBXFileReference; explicitFileType = wrapper.application; includeInIndex = 0; path = "DynamicActionBlockDemo-Swift.app"; sourceTree = BUILT_PRODUCTS_DIR; };
		5F3130881C377DAD006EF060 /* AppDelegate.swift */ = {isa = PBXFileReference; lastKnownFileType = sourcecode.swift; path = AppDelegate.swift; sourceTree = "<group>"; };
		5F31308A1C377DAD006EF060 /* ViewController.swift */ = {isa = PBXFileReference; lastKnownFileType = sourcecode.swift; path = ViewController.swift; sourceTree = "<group>"; };
		5F31308D1C377DAD006EF060 /* Base */ = {isa = PBXFileReference; lastKnownFileType = file.storyboard; name = Base; path = Base.lproj/Main.storyboard; sourceTree = "<group>"; };
		5F31308F1C377DAD006EF060 /* Assets.xcassets */ = {isa = PBXFileReference; lastKnownFileType = folder.assetcatalog; path = Assets.xcassets; sourceTree = "<group>"; };
		5F3130921C377DAD006EF060 /* Base */ = {isa = PBXFileReference; lastKnownFileType = file.storyboard; name = Base; path = Base.lproj/LaunchScreen.storyboard; sourceTree = "<group>"; };
		5F3130941C377DAD006EF060 /* Info.plist */ = {isa = PBXFileReference; lastKnownFileType = text.plist.xml; path = Info.plist; sourceTree = "<group>"; };
		5F3130991C377DAD006EF060 /* DynamicActionBlockDemo-SwiftTests.xctest */ = {isa = PBXFileReference; explicitFileType = wrapper.cfbundle; includeInIndex = 0; path = "DynamicActionBlockDemo-SwiftTests.xctest"; sourceTree = BUILT_PRODUCTS_DIR; };
		5F31309D1C377DAD006EF060 /* DynamicActionBlockDemo_SwiftTests.swift */ = {isa = PBXFileReference; lastKnownFileType = sourcecode.swift; path = DynamicActionBlockDemo_SwiftTests.swift; sourceTree = "<group>"; };
		5F31309F1C377DAD006EF060 /* Info.plist */ = {isa = PBXFileReference; lastKnownFileType = text.plist.xml; path = Info.plist; sourceTree = "<group>"; };
		5F3130A41C377DAD006EF060 /* DynamicActionBlockDemo-SwiftUITests.xctest */ = {isa = PBXFileReference; explicitFileType = wrapper.cfbundle; includeInIndex = 0; path = "DynamicActionBlockDemo-SwiftUITests.xctest"; sourceTree = BUILT_PRODUCTS_DIR; };
		5F3130A81C377DAD006EF060 /* DynamicActionBlockDemo_SwiftUITests.swift */ = {isa = PBXFileReference; lastKnownFileType = sourcecode.swift; path = DynamicActionBlockDemo_SwiftUITests.swift; sourceTree = "<group>"; };
		5F3130AA1C377DAD006EF060 /* Info.plist */ = {isa = PBXFileReference; lastKnownFileType = text.plist.xml; path = Info.plist; sourceTree = "<group>"; };
		5F3130BA1C37A186006EF060 /* DynamicView.swift */ = {isa = PBXFileReference; fileEncoding = 4; lastKnownFileType = sourcecode.swift; path = DynamicView.swift; sourceTree = "<group>"; };
/* End PBXFileReference section */

/* Begin PBXFrameworksBuildPhase section */
		5F3130821C377DAD006EF060 /* Frameworks */ = {
			isa = PBXFrameworksBuildPhase;
			buildActionMask = 2147483647;
			files = (
			);
			runOnlyForDeploymentPostprocessing = 0;
		};
		5F3130961C377DAD006EF060 /* Frameworks */ = {
			isa = PBXFrameworksBuildPhase;
			buildActionMask = 2147483647;
			files = (
			);
			runOnlyForDeploymentPostprocessing = 0;
		};
		5F3130A11C377DAD006EF060 /* Frameworks */ = {
			isa = PBXFrameworksBuildPhase;
			buildActionMask = 2147483647;
			files = (
			);
			runOnlyForDeploymentPostprocessing = 0;
		};
/* End PBXFrameworksBuildPhase section */

/* Begin PBXGroup section */
		5F31307C1C377DAC006EF060 = {
			isa = PBXGroup;
			children = (
				5F3130871C377DAD006EF060 /* DynamicActionBlockDemo-Swift */,
				5F31309C1C377DAD006EF060 /* DynamicActionBlockDemo-SwiftTests */,
				5F3130A71C377DAD006EF060 /* DynamicActionBlockDemo-SwiftUITests */,
				5F3130861C377DAD006EF060 /* Products */,
			);
			sourceTree = "<group>";
		};
		5F3130861C377DAD006EF060 /* Products */ = {
			isa = PBXGroup;
			children = (
				5F3130851C377DAD006EF060 /* DynamicActionBlockDemo-Swift.app */,
				5F3130991C377DAD006EF060 /* DynamicActionBlockDemo-SwiftTests.xctest */,
				5F3130A41C377DAD006EF060 /* DynamicActionBlockDemo-SwiftUITests.xctest */,
			);
			name = Products;
			sourceTree = "<group>";
		};
		5F3130871C377DAD006EF060 /* DynamicActionBlockDemo-Swift */ = {
			isa = PBXGroup;
			children = (
				5F3130881C377DAD006EF060 /* AppDelegate.swift */,
				5F31308A1C377DAD006EF060 /* ViewController.swift */,
				5F3130BA1C37A186006EF060 /* DynamicView.swift */,
				5F31308C1C377DAD006EF060 /* Main.storyboard */,
				5F31308F1C377DAD006EF060 /* Assets.xcassets */,
				5F3130911C377DAD006EF060 /* LaunchScreen.storyboard */,
				5F3130941C377DAD006EF060 /* Info.plist */,
			);
			path = "DynamicActionBlockDemo-Swift";
			sourceTree = "<group>";
		};
		5F31309C1C377DAD006EF060 /* DynamicActionBlockDemo-SwiftTests */ = {
			isa = PBXGroup;
			children = (
				5F31309D1C377DAD006EF060 /* DynamicActionBlockDemo_SwiftTests.swift */,
				5F31309F1C377DAD006EF060 /* Info.plist */,
			);
			path = "DynamicActionBlockDemo-SwiftTests";
			sourceTree = "<group>";
		};
		5F3130A71C377DAD006EF060 /* DynamicActionBlockDemo-SwiftUITests */ = {
			isa = PBXGroup;
			children = (
				5F3130A81C377DAD006EF060 /* DynamicActionBlockDemo_SwiftUITests.swift */,
				5F3130AA1C377DAD006EF060 /* Info.plist */,
			);
			path = "DynamicActionBlockDemo-SwiftUITests";
			sourceTree = "<group>";
		};
/* End PBXGroup section */

/* Begin PBXNativeTarget section */
		5F3130841C377DAD006EF060 /* DynamicActionBlockDemo-Swift */ = {
			isa = PBXNativeTarget;
			buildConfigurationList = 5F3130AD1C377DAD006EF060 /* Build configuration list for PBXNativeTarget "DynamicActionBlockDemo-Swift" */;
			buildPhases = (
				5F3130811C377DAD006EF060 /* Sources */,
				5F3130821C377DAD006EF060 /* Frameworks */,
				5F3130831C377DAD006EF060 /* Resources */,
			);
			buildRules = (
			);
			dependencies = (
			);
			name = "DynamicActionBlockDemo-Swift";
			productName = "DynamicActionBlockDemo-Swift";
			productReference = 5F3130851C377DAD006EF060 /* DynamicActionBlockDemo-Swift.app */;
			productType = "com.apple.product-type.application";
		};
		5F3130981C377DAD006EF060 /* DynamicActionBlockDemo-SwiftTests */ = {
			isa = PBXNativeTarget;
			buildConfigurationList = 5F3130B01C377DAD006EF060 /* Build configuration list for PBXNativeTarget "DynamicActionBlockDemo-SwiftTests" */;
			buildPhases = (
				5F3130951C377DAD006EF060 /* Sources */,
				5F3130961C377DAD006EF060 /* Frameworks */,
				5F3130971C377DAD006EF060 /* Resources */,
			);
			buildRules = (
			);
			dependencies = (
				5F31309B1C377DAD006EF060 /* PBXTargetDependency */,
			);
			name = "DynamicActionBlockDemo-SwiftTests";
			productName = "DynamicActionBlockDemo-SwiftTests";
			productReference = 5F3130991C377DAD006EF060 /* DynamicActionBlockDemo-SwiftTests.xctest */;
			productType = "com.apple.product-type.bundle.unit-test";
		};
		5F3130A31C377DAD006EF060 /* DynamicActionBlockDemo-SwiftUITests */ = {
			isa = PBXNativeTarget;
			buildConfigurationList = 5F3130B31C377DAD006EF060 /* Build configuration list for PBXNativeTarget "DynamicActionBlockDemo-SwiftUITests" */;
			buildPhases = (
				5F3130A01C377DAD006EF060 /* Sources */,
				5F3130A11C377DAD006EF060 /* Frameworks */,
				5F3130A21C377DAD006EF060 /* Resources */,
			);
			buildRules = (
			);
			dependencies = (
				5F3130A61C377DAD006EF060 /* PBXTargetDependency */,
			);
			name = "DynamicActionBlockDemo-SwiftUITests";
			productName = "DynamicActionBlockDemo-SwiftUITests";
			productReference = 5F3130A41C377DAD006EF060 /* DynamicActionBlockDemo-SwiftUITests.xctest */;
			productType = "com.apple.product-type.bundle.ui-testing";
		};
/* End PBXNativeTarget section */

/* Begin PBXProject section */
		5F31307D1C377DAC006EF060 /* Project object */ = {
			isa = PBXProject;
			attributes = {
				LastUpgradeCheck = 0700;
				ORGANIZATIONNAME = "Kitten Yang";
				TargetAttributes = {
					5F3130841C377DAD006EF060 = {
						CreatedOnToolsVersion = 7.0.1;
					};
					5F3130981C377DAD006EF060 = {
						CreatedOnToolsVersion = 7.0.1;
						TestTargetID = 5F3130841C377DAD006EF060;
					};
					5F3130A31C377DAD006EF060 = {
						CreatedOnToolsVersion = 7.0.1;
						TestTargetID = 5F3130841C377DAD006EF060;
					};
				};
			};
			buildConfigurationList = 5F3130801C377DAD006EF060 /* Build configuration list for PBXProject "DynamicActionBlockDemo-Swift" */;
			compatibilityVersion = "Xcode 3.2";
			developmentRegion = English;
			hasScannedForEncodings = 0;
			knownRegions = (
				en,
				Base,
			);
			mainGroup = 5F31307C1C377DAC006EF060;
			productRefGroup = 5F3130861C377DAD006EF060 /* Products */;
			projectDirPath = "";
			projectRoot = "";
			targets = (
				5F3130841C377DAD006EF060 /* DynamicActionBlockDemo-Swift */,
				5F3130981C377DAD006EF060 /* DynamicActionBlockDemo-SwiftTests */,
				5F3130A31C377DAD006EF060 /* DynamicActionBlockDemo-SwiftUITests */,
			);
		};
/* End PBXProject section */

/* Begin PBXResourcesBuildPhase section */
		5F3130831C377DAD006EF060 /* Resources */ = {
			isa = PBXResourcesBuildPhase;
			buildActionMask = 2147483647;
			files = (
				5F3130931C377DAD006EF060 /* LaunchScreen.storyboard in Resources */,
				5F3130901C377DAD006EF060 /* Assets.xcassets in Resources */,
				5F31308E1C377DAD006EF060 /* Main.storyboard in Resources */,
			);
			runOnlyForDeploymentPostprocessing = 0;
		};
		5F3130971C377DAD006EF060 /* Resources */ = {
			isa = PBXResourcesBuildPhase;
			buildActionMask = 2147483647;
			files = (
			);
			runOnlyForDeploymentPostprocessing = 0;
		};
		5F3130A21C377DAD006EF060 /* Resources */ = {
			isa = PBXResourcesBuildPhase;
			buildActionMask = 2147483647;
			files = (
			);
			runOnlyForDeploymentPostprocessing = 0;
		};
/* End PBXResourcesBuildPhase section */

/* Begin PBXSourcesBuildPhase section */
		5F3130811C377DAD006EF060 /* Sources */ = {
			isa = PBXSourcesBuildPhase;
			buildActionMask = 2147483647;
			files = (
				5F3130BB1C37A186006EF060 /* DynamicView.swift in Sources */,
				5F31308B1C377DAD006EF060 /* ViewController.swift in Sources */,
				5F3130891C377DAD006EF060 /* AppDelegate.swift in Sources */,
			);
			runOnlyForDeploymentPostprocessing = 0;
		};
		5F3130951C377DAD006EF060 /* Sources */ = {
			isa = PBXSourcesBuildPhase;
			buildActionMask = 2147483647;
			files = (
				5F31309E1C377DAD006EF060 /* DynamicActionBlockDemo_SwiftTests.swift in Sources */,
			);
			runOnlyForDeploymentPostprocessing = 0;
		};
		5F3130A01C377DAD006EF060 /* Sources */ = {
			isa = PBXSourcesBuildPhase;
			buildActionMask = 2147483647;
			files = (
				5F3130A91C377DAD006EF060 /* DynamicActionBlockDemo_SwiftUITests.swift in Sources */,
			);
			runOnlyForDeploymentPostprocessing = 0;
		};
/* End PBXSourcesBuildPhase section */

/* Begin PBXTargetDependency section */
		5F31309B1C377DAD006EF060 /* PBXTargetDependency */ = {
			isa = PBXTargetDependency;
			target = 5F3130841C377DAD006EF060 /* DynamicActionBlockDemo-Swift */;
			targetProxy = 5F31309A1C377DAD006EF060 /* PBXContainerItemProxy */;
		};
		5F3130A61C377DAD006EF060 /* PBXTargetDependency */ = {
			isa = PBXTargetDependency;
			target = 5F3130841C377DAD006EF060 /* DynamicActionBlockDemo-Swift */;
			targetProxy = 5F3130A51C377DAD006EF060 /* PBXContainerItemProxy */;
		};
/* End PBXTargetDependency section */

/* Begin PBXVariantGroup section */
		5F31308C1C377DAD006EF060 /* Main.storyboard */ = {
			isa = PBXVariantGroup;
			children = (
				5F31308D1C377DAD006EF060 /* Base */,
			);
			name = Main.storyboard;
			sourceTree = "<group>";
		};
		5F3130911C377DAD006EF060 /* LaunchScreen.storyboard */ = {
			isa = PBXVariantGroup;
			children = (
				5F3130921C377DAD006EF060 /* Base */,
			);
			name = LaunchScreen.storyboard;
			sourceTree = "<group>";
		};
/* End PBXVariantGroup section */

/* Begin XCBuildConfiguration section */
		5F3130AB1C377DAD006EF060 /* Debug */ = {
			isa = XCBuildConfiguration;
			buildSettings = {
				ALWAYS_SEARCH_USER_PATHS = NO;
				CLANG_CXX_LANGUAGE_STANDARD = "gnu++0x";
				CLANG_CXX_LIBRARY = "libc++";
				CLANG_ENABLE_MODULES = YES;
				CLANG_ENABLE_OBJC_ARC = YES;
				CLANG_WARN_BOOL_CONVERSION = YES;
				CLANG_WARN_CONSTANT_CONVERSION = YES;
				CLANG_WARN_DIRECT_OBJC_ISA_USAGE = YES_ERROR;
				CLANG_WARN_EMPTY_BODY = YES;
				CLANG_WARN_ENUM_CONVERSION = YES;
				CLANG_WARN_INT_CONVERSION = YES;
				CLANG_WARN_OBJC_ROOT_CLASS = YES_ERROR;
				CLANG_WARN_UNREACHABLE_CODE = YES;
				CLANG_WARN__DUPLICATE_METHOD_MATCH = YES;
				"CODE_SIGN_IDENTITY[sdk=iphoneos*]" = "iPhone Developer";
				COPY_PHASE_STRIP = NO;
				DEBUG_INFORMATION_FORMAT = dwarf;
				ENABLE_STRICT_OBJC_MSGSEND = YES;
				ENABLE_TESTABILITY = YES;
				GCC_C_LANGUAGE_STANDARD = gnu99;
				GCC_DYNAMIC_NO_PIC = NO;
				GCC_NO_COMMON_BLOCKS = YES;
				GCC_OPTIMIZATION_LEVEL = 0;
				GCC_PREPROCESSOR_DEFINITIONS = (
					"DEBUG=1",
					"$(inherited)",
				);
				GCC_WARN_64_TO_32_BIT_CONVERSION = YES;
				GCC_WARN_ABOUT_RETURN_TYPE = YES_ERROR;
				GCC_WARN_UNDECLARED_SELECTOR = YES;
				GCC_WARN_UNINITIALIZED_AUTOS = YES_AGGRESSIVE;
				GCC_WARN_UNUSED_FUNCTION = YES;
				GCC_WARN_UNUSED_VARIABLE = YES;
				IPHONEOS_DEPLOYMENT_TARGET = 9.0;
				MTL_ENABLE_DEBUG_INFO = YES;
				ONLY_ACTIVE_ARCH = YES;
				SDKROOT = iphoneos;
				SWIFT_OPTIMIZATION_LEVEL = "-Onone";
				TARGETED_DEVICE_FAMILY = "1,2";
			};
			name = Debug;
		};
		5F3130AC1C377DAD006EF060 /* Release */ = {
			isa = XCBuildConfiguration;
			buildSettings = {
				ALWAYS_SEARCH_USER_PATHS = NO;
				CLANG_CXX_LANGUAGE_STANDARD = "gnu++0x";
				CLANG_CXX_LIBRARY = "libc++";
				CLANG_ENABLE_MODULES = YES;
				CLANG_ENABLE_OBJC_ARC = YES;
				CLANG_WARN_BOOL_CONVERSION = YES;
				CLANG_WARN_CONSTANT_CONVERSION = YES;
				CLANG_WARN_DIRECT_OBJC_ISA_USAGE = YES_ERROR;
				CLANG_WARN_EMPTY_BODY = YES;
				CLANG_WARN_ENUM_CONVERSION = YES;
				CLANG_WARN_INT_CONVERSION = YES;
				CLANG_WARN_OBJC_ROOT_CLASS = YES_ERROR;
				CLANG_WARN_UNREACHABLE_CODE = YES;
				CLANG_WARN__DUPLICATE_METHOD_MATCH = YES;
				"CODE_SIGN_IDENTITY[sdk=iphoneos*]" = "iPhone Developer";
				COPY_PHASE_STRIP = NO;
				DEBUG_INFORMATION_FORMAT = "dwarf-with-dsym";
				ENABLE_NS_ASSERTIONS = NO;
				ENABLE_STRICT_OBJC_MSGSEND = YES;
				GCC_C_LANGUAGE_STANDARD = gnu99;
				GCC_NO_COMMON_BLOCKS = YES;
				GCC_WARN_64_TO_32_BIT_CONVERSION = YES;
				GCC_WARN_ABOUT_RETURN_TYPE = YES_ERROR;
				GCC_WARN_UNDECLARED_SELECTOR = YES;
				GCC_WARN_UNINITIALIZED_AUTOS = YES_AGGRESSIVE;
				GCC_WARN_UNUSED_FUNCTION = YES;
				GCC_WARN_UNUSED_VARIABLE = YES;
				IPHONEOS_DEPLOYMENT_TARGET = 9.0;
				MTL_ENABLE_DEBUG_INFO = NO;
				SDKROOT = iphoneos;
				TARGETED_DEVICE_FAMILY = "1,2";
				VALIDATE_PRODUCT = YES;
			};
			name = Release;
		};
		5F3130AE1C377DAD006EF060 /* Debug */ = {
			isa = XCBuildConfiguration;
			buildSettings = {
				ASSETCATALOG_COMPILER_APPICON_NAME = AppIcon;
				INFOPLIST_FILE = "DynamicActionBlockDemo-Swift/Info.plist";
				LD_RUNPATH_SEARCH_PATHS = "$(inherited) @executable_path/Frameworks";
				PRODUCT_BUNDLE_IDENTIFIER = "com.DynamicActionBlockDemo-Swift";
				PRODUCT_NAME = "$(TARGET_NAME)";
			};
			name = Debug;
		};
		5F3130AF1C377DAD006EF060 /* Release */ = {
			isa = XCBuildConfiguration;
			buildSettings = {
				ASSETCATALOG_COMPILER_APPICON_NAME = AppIcon;
				INFOPLIST_FILE = "DynamicActionBlockDemo-Swift/Info.plist";
				LD_RUNPATH_SEARCH_PATHS = "$(inherited) @executable_path/Frameworks";
				PRODUCT_BUNDLE_IDENTIFIER = "com.DynamicActionBlockDemo-Swift";
				PRODUCT_NAME = "$(TARGET_NAME)";
			};
			name = Release;
		};
		5F3130B11C377DAD006EF060 /* Debug */ = {
			isa = XCBuildConfiguration;
			buildSettings = {
				BUNDLE_LOADER = "$(TEST_HOST)";
				INFOPLIST_FILE = "DynamicActionBlockDemo-SwiftTests/Info.plist";
				LD_RUNPATH_SEARCH_PATHS = "$(inherited) @executable_path/Frameworks @loader_path/Frameworks";
				PRODUCT_BUNDLE_IDENTIFIER = "com.DynamicActionBlockDemo-SwiftTests";
				PRODUCT_NAME = "$(TARGET_NAME)";
				TEST_HOST = "$(BUILT_PRODUCTS_DIR)/DynamicActionBlockDemo-Swift.app/DynamicActionBlockDemo-Swift";
			};
			name = Debug;
		};
		5F3130B21C377DAD006EF060 /* Release */ = {
			isa = XCBuildConfiguration;
			buildSettings = {
				BUNDLE_LOADER = "$(TEST_HOST)";
				INFOPLIST_FILE = "DynamicActionBlockDemo-SwiftTests/Info.plist";
				LD_RUNPATH_SEARCH_PATHS = "$(inherited) @executable_path/Frameworks @loader_path/Frameworks";
				PRODUCT_BUNDLE_IDENTIFIER = "com.DynamicActionBlockDemo-SwiftTests";
				PRODUCT_NAME = "$(TARGET_NAME)";
				TEST_HOST = "$(BUILT_PRODUCTS_DIR)/DynamicActionBlockDemo-Swift.app/DynamicActionBlockDemo-Swift";
			};
			name = Release;
		};
		5F3130B41C377DAD006EF060 /* Debug */ = {
			isa = XCBuildConfiguration;
			buildSettings = {
				INFOPLIST_FILE = "DynamicActionBlockDemo-SwiftUITests/Info.plist";
				LD_RUNPATH_SEARCH_PATHS = "$(inherited) @executable_path/Frameworks @loader_path/Frameworks";
				PRODUCT_BUNDLE_IDENTIFIER = "com.DynamicActionBlockDemo-SwiftUITests";
				PRODUCT_NAME = "$(TARGET_NAME)";
				TEST_TARGET_NAME = "DynamicActionBlockDemo-Swift";
				USES_XCTRUNNER = YES;
			};
			name = Debug;
		};
		5F3130B51C377DAD006EF060 /* Release */ = {
			isa = XCBuildConfiguration;
			buildSettings = {
				INFOPLIST_FILE = "DynamicActionBlockDemo-SwiftUITests/Info.plist";
				LD_RUNPATH_SEARCH_PATHS = "$(inherited) @executable_path/Frameworks @loader_path/Frameworks";
				PRODUCT_BUNDLE_IDENTIFIER = "com.DynamicActionBlockDemo-SwiftUITests";
				PRODUCT_NAME = "$(TARGET_NAME)";
				TEST_TARGET_NAME = "DynamicActionBlockDemo-Swift";
				USES_XCTRUNNER = YES;
			};
			name = Release;
		};
/* End XCBuildConfiguration section */

/* Begin XCConfigurationList section */
		5F3130801C377DAD006EF060 /* Build configuration list for PBXProject "DynamicActionBlockDemo-Swift" */ = {
			isa = XCConfigurationList;
			buildConfigurations = (
				5F3130AB1C377DAD006EF060 /* Debug */,
				5F3130AC1C377DAD006EF060 /* Release */,
			);
			defaultConfigurationIsVisible = 0;
			defaultConfigurationName = Release;
		};
		5F3130AD1C377DAD006EF060 /* Build configuration list for PBXNativeTarget "DynamicActionBlockDemo-Swift" */ = {
			isa = XCConfigurationList;
			buildConfigurations = (
				5F3130AE1C377DAD006EF060 /* Debug */,
				5F3130AF1C377DAD006EF060 /* Release */,
			);
			defaultConfigurationIsVisible = 0;
		};
		5F3130B01C377DAD006EF060 /* Build configuration list for PBXNativeTarget "DynamicActionBlockDemo-SwiftTests" */ = {
			isa = XCConfigurationList;
			buildConfigurations = (
				5F3130B11C377DAD006EF060 /* Debug */,
				5F3130B21C377DAD006EF060 /* Release */,
			);
			defaultConfigurationIsVisible = 0;
		};
		5F3130B31C377DAD006EF060 /* Build configuration list for PBXNativeTarget "DynamicActionBlockDemo-SwiftUITests" */ = {
			isa = XCConfigurationList;
			buildConfigurations = (
				5F3130B41C377DAD006EF060 /* Debug */,
				5F3130B51C377DAD006EF060 /* Release */,
			);
			defaultConfigurationIsVisible = 0;
		};
/* End XCConfigurationList section */
	};
	rootObject = 5F31307D1C377DAC006EF060 /* Project object */;
}
