// !$*UTF8*$!
{
	archiveVersion = 1;
	classes = {
	};
	objectVersion = 46;
	objects = {

/* Begin PBXBuildFile section */
		5F444F371C47F75000FA2868 /* AppDelegate.swift in Sources */ = {isa = PBXBuildFile; fileRef = 5F444F361C47F75000FA2868 /* AppDelegate.swift */; };
		5F444F391C47F75000FA2868 /* ViewController.swift in Sources */ = {isa = PBXBuildFile; fileRef = 5F444F381C47F75000FA2868 /* ViewController.swift */; };
		5F444F3C1C47F75000FA2868 /* Main.storyboard in Resources */ = {isa = PBXBuildFile; fileRef = 5F444F3A1C47F75000FA2868 /* Main.storyboard */; };
		5F444F3E1C47F75000FA2868 /* Assets.xcassets in Resources */ = {isa = PBXBuildFile; fileRef = 5F444F3D1C47F75000FA2868 /* Assets.xcassets */; };
		5F444F411C47F75000FA2868 /* LaunchScreen.storyboard in Resources */ = {isa = PBXBuildFile; fileRef = 5F444F3F1C47F75000FA2868 /* LaunchScreen.storyboard */; };
		5F444F4C1C47F75000FA2868 /* SnowEffectDemo_SwiftTests.swift in Sources */ = {isa = PBXBuildFile; fileRef = 5F444F4B1C47F75000FA2868 /* SnowEffectDemo_SwiftTests.swift */; };
		5F444F571C47F75000FA2868 /* SnowEffectDemo_SwiftUITests.swift in Sources */ = {isa = PBXBuildFile; fileRef = 5F444F561C47F75000FA2868 /* SnowEffectDemo_SwiftUITests.swift */; };
/* End PBXBuildFile section */

/* Begin PBXContainerItemProxy section */
		5F444F481C47F75000FA2868 /* PBXContainerItemProxy */ = {
			isa = PBXContainerItemProxy;
			containerPortal = 5F444F2B1C47F74F00FA2868 /* Project object */;
			proxyType = 1;
			remoteGlobalIDString = 5F444F321C47F74F00FA2868;
			remoteInfo = "SnowEffectDemo-Swift";
		};
		5F444F531C47F75000FA2868 /* PBXContainerItemProxy */ = {
			isa = PBXContainerItemProxy;
			containerPortal = 5F444F2B1C47F74F00FA2868 /* Project object */;
			proxyType = 1;
			remoteGlobalIDString = 5F444F321C47F74F00FA2868;
			remoteInfo = "SnowEffectDemo-Swift";
		};
/* End PBXContainerItemProxy section */

/* Begin PBXFileReference section */
		5F444F331C47F74F00FA2868 /* SnowEffectDemo-Swift.app */ = {isa = PBXFileReference; explicitFileType = wrapper.application; includeInIndex = 0; path = "SnowEffectDemo-Swift.app"; sourceTree = BUILT_PRODUCTS_DIR; };
		5F444F361C47F75000FA2868 /* AppDelegate.swift */ = {isa = PBXFileReference; lastKnownFileType = sourcecode.swift; path = AppDelegate.swift; sourceTree = "<group>"; };
		5F444F381C47F75000FA2868 /* ViewController.swift */ = {isa = PBXFileReference; lastKnownFileType = sourcecode.swift; path = ViewController.swift; sourceTree = "<group>"; };
		5F444F3B1C47F75000FA2868 /* Base */ = {isa = PBXFileReference; lastKnownFileType = file.storyboard; name = Base; path = Base.lproj/Main.storyboard; sourceTree = "<group>"; };
		5F444F3D1C47F75000FA2868 /* Assets.xcassets */ = {isa = PBXFileReference; lastKnownFileType = folder.assetcatalog; path = Assets.xcassets; sourceTree = "<group>"; };
		5F444F401C47F75000FA2868 /* Base */ = {isa = PBXFileReference; lastKnownFileType = file.storyboard; name = Base; path = Base.lproj/LaunchScreen.storyboard; sourceTree = "<group>"; };
		5F444F421C47F75000FA2868 /* Info.plist */ = {isa = PBXFileReference; lastKnownFileType = text.plist.xml; path = Info.plist; sourceTree = "<group>"; };
		5F444F471C47F75000FA2868 /* SnowEffectDemo-SwiftTests.xctest */ = {isa = PBXFileReference; explicitFileType = wrapper.cfbundle; includeInIndex = 0; path = "SnowEffectDemo-SwiftTests.xctest"; sourceTree = BUILT_PRODUCTS_DIR; };
		5F444F4B1C47F75000FA2868 /* SnowEffectDemo_SwiftTests.swift */ = {isa = PBXFileReference; lastKnownFileType = sourcecode.swift; path = SnowEffectDemo_SwiftTests.swift; sourceTree = "<group>"; };
		5F444F4D1C47F75000FA2868 /* Info.plist */ = {isa = PBXFileReference; lastKnownFileType = text.plist.xml; path = Info.plist; sourceTree = "<group>"; };
		5F444F521C47F75000FA2868 /* SnowEffectDemo-SwiftUITests.xctest */ = {isa = PBXFileReference; explicitFileType = wrapper.cfbundle; includeInIndex = 0; path = "SnowEffectDemo-SwiftUITests.xctest"; sourceTree = BUILT_PRODUCTS_DIR; };
		5F444F561C47F75000FA2868 /* SnowEffectDemo_SwiftUITests.swift */ = {isa = PBXFileReference; lastKnownFileType = sourcecode.swift; path = SnowEffectDemo_SwiftUITests.swift; sourceTree = "<group>"; };
		5F444F581C47F75000FA2868 /* Info.plist */ = {isa = PBXFileReference; lastKnownFileType = text.plist.xml; path = Info.plist; sourceTree = "<group>"; };
/* End PBXFileReference section */

/* Begin PBXFrameworksBuildPhase section */
		5F444F301C47F74F00FA2868 /* Frameworks */ = {
			isa = PBXFrameworksBuildPhase;
			buildActionMask = 2147483647;
			files = (
			);
			runOnlyForDeploymentPostprocessing = 0;
		};
		5F444F441C47F75000FA2868 /* Frameworks */ = {
			isa = PBXFrameworksBuildPhase;
			buildActionMask = 2147483647;
			files = (
			);
			runOnlyForDeploymentPostprocessing = 0;
		};
		5F444F4F1C47F75000FA2868 /* Frameworks */ = {
			isa = PBXFrameworksBuildPhase;
			buildActionMask = 2147483647;
			files = (
			);
			runOnlyForDeploymentPostprocessing = 0;
		};
/* End PBXFrameworksBuildPhase section */

/* Begin PBXGroup section */
		5F444F2A1C47F74F00FA2868 = {
			isa = PBXGroup;
			children = (
				5F444F351C47F75000FA2868 /* SnowEffectDemo-Swift */,
				5F444F4A1C47F75000FA2868 /* SnowEffectDemo-SwiftTests */,
				5F444F551C47F75000FA2868 /* SnowEffectDemo-SwiftUITests */,
				5F444F341C47F74F00FA2868 /* Products */,
			);
			sourceTree = "<group>";
		};
		5F444F341C47F74F00FA2868 /* Products */ = {
			isa = PBXGroup;
			children = (
				5F444F331C47F74F00FA2868 /* SnowEffectDemo-Swift.app */,
				5F444F471C47F75000FA2868 /* SnowEffectDemo-SwiftTests.xctest */,
				5F444F521C47F75000FA2868 /* SnowEffectDemo-SwiftUITests.xctest */,
			);
			name = Products;
			sourceTree = "<group>";
		};
		5F444F351C47F75000FA2868 /* SnowEffectDemo-Swift */ = {
			isa = PBXGroup;
			children = (
				5F444F361C47F75000FA2868 /* AppDelegate.swift */,
				5F444F381C47F75000FA2868 /* ViewController.swift */,
				5F444F3A1C47F75000FA2868 /* Main.storyboard */,
				5F444F3D1C47F75000FA2868 /* Assets.xcassets */,
				5F444F3F1C47F75000FA2868 /* LaunchScreen.storyboard */,
				5F444F421C47F75000FA2868 /* Info.plist */,
			);
			path = "SnowEffectDemo-Swift";
			sourceTree = "<group>";
		};
		5F444F4A1C47F75000FA2868 /* SnowEffectDemo-SwiftTests */ = {
			isa = PBXGroup;
			children = (
				5F444F4B1C47F75000FA2868 /* SnowEffectDemo_SwiftTests.swift */,
				5F444F4D1C47F75000FA2868 /* Info.plist */,
			);
			path = "SnowEffectDemo-SwiftTests";
			sourceTree = "<group>";
		};
		5F444F551C47F75000FA2868 /* SnowEffectDemo-SwiftUITests */ = {
			isa = PBXGroup;
			children = (
				5F444F561C47F75000FA2868 /* SnowEffectDemo_SwiftUITests.swift */,
				5F444F581C47F75000FA2868 /* Info.plist */,
			);
			path = "SnowEffectDemo-SwiftUITests";
			sourceTree = "<group>";
		};
/* End PBXGroup section */

/* Begin PBXNativeTarget section */
		5F444F321C47F74F00FA2868 /* SnowEffectDemo-Swift */ = {
			isa = PBXNativeTarget;
			buildConfigurationList = 5F444F5B1C47F75000FA2868 /* Build configuration list for PBXNativeTarget "SnowEffectDemo-Swift" */;
			buildPhases = (
				5F444F2F1C47F74F00FA2868 /* Sources */,
				5F444F301C47F74F00FA2868 /* Frameworks */,
				5F444F311C47F74F00FA2868 /* Resources */,
			);
			buildRules = (
			);
			dependencies = (
			);
			name = "SnowEffectDemo-Swift";
			productName = "SnowEffectDemo-Swift";
			productReference = 5F444F331C47F74F00FA2868 /* SnowEffectDemo-Swift.app */;
			productType = "com.apple.product-type.application";
		};
		5F444F461C47F75000FA2868 /* SnowEffectDemo-SwiftTests */ = {
			isa = PBXNativeTarget;
			buildConfigurationList = 5F444F5E1C47F75000FA2868 /* Build configuration list for PBXNativeTarget "SnowEffectDemo-SwiftTests" */;
			buildPhases = (
				5F444F431C47F75000FA2868 /* Sources */,
				5F444F441C47F75000FA2868 /* Frameworks */,
				5F444F451C47F75000FA2868 /* Resources */,
			);
			buildRules = (
			);
			dependencies = (
				5F444F491C47F75000FA2868 /* PBXTargetDependency */,
			);
			name = "SnowEffectDemo-SwiftTests";
			productName = "SnowEffectDemo-SwiftTests";
			productReference = 5F444F471C47F75000FA2868 /* SnowEffectDemo-SwiftTests.xctest */;
			productType = "com.apple.product-type.bundle.unit-test";
		};
		5F444F511C47F75000FA2868 /* SnowEffectDemo-SwiftUITests */ = {
			isa = PBXNativeTarget;
			buildConfigurationList = 5F444F611C47F75000FA2868 /* Build configuration list for PBXNativeTarget "SnowEffectDemo-SwiftUITests" */;
			buildPhases = (
				5F444F4E1C47F75000FA2868 /* Sources */,
				5F444F4F1C47F75000FA2868 /* Frameworks */,
				5F444F501C47F75000FA2868 /* Resources */,
			);
			buildRules = (
			);
			dependencies = (
				5F444F541C47F75000FA2868 /* PBXTargetDependency */,
			);
			name = "SnowEffectDemo-SwiftUITests";
			productName = "SnowEffectDemo-SwiftUITests";
			productReference = 5F444F521C47F75000FA2868 /* SnowEffectDemo-SwiftUITests.xctest */;
			productType = "com.apple.product-type.bundle.ui-testing";
		};
/* End PBXNativeTarget section */

/* Begin PBXProject section */
		5F444F2B1C47F74F00FA2868 /* Project object */ = {
			isa = PBXProject;
			attributes = {
				LastSwiftUpdateCheck = 0720;
				LastUpgradeCheck = 0720;
				ORGANIZATIONNAME = "Kitten Yang";
				TargetAttributes = {
					5F444F321C47F74F00FA2868 = {
						CreatedOnToolsVersion = 7.2;
					};
					5F444F461C47F75000FA2868 = {
						CreatedOnToolsVersion = 7.2;
						TestTargetID = 5F444F321C47F74F00FA2868;
					};
					5F444F511C47F75000FA2868 = {
						CreatedOnToolsVersion = 7.2;
						TestTargetID = 5F444F321C47F74F00FA2868;
					};
				};
			};
			buildConfigurationList = 5F444F2E1C47F74F00FA2868 /* Build configuration list for PBXProject "SnowEffectDemo-Swift" */;
			compatibilityVersion = "Xcode 3.2";
			developmentRegion = English;
			hasScannedForEncodings = 0;
			knownRegions = (
				en,
				Base,
			);
			mainGroup = 5F444F2A1C47F74F00FA2868;
			productRefGroup = 5F444F341C47F74F00FA2868 /* Products */;
			projectDirPath = "";
			projectRoot = "";
			targets = (
				5F444F321C47F74F00FA2868 /* SnowEffectDemo-Swift */,
				5F444F461C47F75000FA2868 /* SnowEffectDemo-SwiftTests */,
				5F444F511C47F75000FA2868 /* SnowEffectDemo-SwiftUITests */,
			);
		};
/* End PBXProject section */

/* Begin PBXResourcesBuildPhase section */
		5F444F311C47F74F00FA2868 /* Resources */ = {
			isa = PBXResourcesBuildPhase;
			buildActionMask = 2147483647;
			files = (
				5F444F411C47F75000FA2868 /* LaunchScreen.storyboard in Resources */,
				5F444F3E1C47F75000FA2868 /* Assets.xcassets in Resources */,
				5F444F3C1C47F75000FA2868 /* Main.storyboard in Resources */,
			);
			runOnlyForDeploymentPostprocessing = 0;
		};
		5F444F451C47F75000FA2868 /* Resources */ = {
			isa = PBXResourcesBuildPhase;
			buildActionMask = 2147483647;
			files = (
			);
			runOnlyForDeploymentPostprocessing = 0;
		};
		5F444F501C47F75000FA2868 /* Resources */ = {
			isa = PBXResourcesBuildPhase;
			buildActionMask = 2147483647;
			files = (
			);
			runOnlyForDeploymentPostprocessing = 0;
		};
/* End PBXResourcesBuildPhase section */

/* Begin PBXSourcesBuildPhase section */
		5F444F2F1C47F74F00FA2868 /* Sources */ = {
			isa = PBXSourcesBuildPhase;
			buildActionMask = 2147483647;
			files = (
				5F444F391C47F75000FA2868 /* ViewController.swift in Sources */,
				5F444F371C47F75000FA2868 /* AppDelegate.swift in Sources */,
			);
			runOnlyForDeploymentPostprocessing = 0;
		};
		5F444F431C47F75000FA2868 /* Sources */ = {
			isa = PBXSourcesBuildPhase;
			buildActionMask = 2147483647;
			files = (
				5F444F4C1C47F75000FA2868 /* SnowEffectDemo_SwiftTests.swift in Sources */,
			);
			runOnlyForDeploymentPostprocessing = 0;
		};
		5F444F4E1C47F75000FA2868 /* Sources */ = {
			isa = PBXSourcesBuildPhase;
			buildActionMask = 2147483647;
			files = (
				5F444F571C47F75000FA2868 /* SnowEffectDemo_SwiftUITests.swift in Sources */,
			);
			runOnlyForDeploymentPostprocessing = 0;
		};
/* End PBXSourcesBuildPhase section */

/* Begin PBXTargetDependency section */
		5F444F491C47F75000FA2868 /* PBXTargetDependency */ = {
			isa = PBXTargetDependency;
			target = 5F444F321C47F74F00FA2868 /* SnowEffectDemo-Swift */;
			targetProxy = 5F444F481C47F75000FA2868 /* PBXContainerItemProxy */;
		};
		5F444F541C47F75000FA2868 /* PBXTargetDependency */ = {
			isa = PBXTargetDependency;
			target = 5F444F321C47F74F00FA2868 /* SnowEffectDemo-Swift */;
			targetProxy = 5F444F531C47F75000FA2868 /* PBXContainerItemProxy */;
		};
/* End PBXTargetDependency section */

/* Begin PBXVariantGroup section */
		5F444F3A1C47F75000FA2868 /* Main.storyboard */ = {
			isa = PBXVariantGroup;
			children = (
				5F444F3B1C47F75000FA2868 /* Base */,
			);
			name = Main.storyboard;
			sourceTree = "<group>";
		};
		5F444F3F1C47F75000FA2868 /* LaunchScreen.storyboard */ = {
			isa = PBXVariantGroup;
			children = (
				5F444F401C47F75000FA2868 /* Base */,
			);
			name = LaunchScreen.storyboard;
			sourceTree = "<group>";
		};
/* End PBXVariantGroup section */

/* Begin XCBuildConfiguration section */
		5F444F591C47F75000FA2868 /* Debug */ = {
			isa = XCBuildConfiguration;
			buildSettings = {
				ALWAYS_SEARCH_USER_PATHS = NO;
				CLANG_CXX_LANGUAGE_STANDARD = "gnu++0x";
				CLANG_CXX_LIBRARY = "libc++";
				CLANG_ENABLE_MODULES = YES;
				CLANG_ENABLE_OBJC_ARC = YES;
				CLANG_WARN_BOOL_CONVERSION = YES;
				CLANG_WARN_CONSTANT_CONVERSION = YES;
				CLANG_WARN_DIRECT_OBJC_ISA_USAGE = YES_ERROR;
				CLANG_WARN_EMPTY_BODY = YES;
				CLANG_WARN_ENUM_CONVERSION = YES;
				CLANG_WARN_INT_CONVERSION = YES;
				CLANG_WARN_OBJC_ROOT_CLASS = YES_ERROR;
				CLANG_WARN_UNREACHABLE_CODE = YES;
				CLANG_WARN__DUPLICATE_METHOD_MATCH = YES;
				"CODE_SIGN_IDENTITY[sdk=iphoneos*]" = "iPhone Developer";
				COPY_PHASE_STRIP = NO;
				DEBUG_INFORMATION_FORMAT = dwarf;
				ENABLE_STRICT_OBJC_MSGSEND = YES;
				ENABLE_TESTABILITY = YES;
				GCC_C_LANGUAGE_STANDARD = gnu99;
				GCC_DYNAMIC_NO_PIC = NO;
				GCC_NO_COMMON_BLOCKS = YES;
				GCC_OPTIMIZATION_LEVEL = 0;
				GCC_PREPROCESSOR_DEFINITIONS = (
					"DEBUG=1",
					"$(inherited)",
				);
				GCC_WARN_64_TO_32_BIT_CONVERSION = YES;
				GCC_WARN_ABOUT_RETURN_TYPE = YES_ERROR;
				GCC_WARN_UNDECLARED_SELECTOR = YES;
				GCC_WARN_UNINITIALIZED_AUTOS = YES_AGGRESSIVE;
				GCC_WARN_UNUSED_FUNCTION = YES;
				GCC_WARN_UNUSED_VARIABLE = YES;
				IPHONEOS_DEPLOYMENT_TARGET = 9.2;
				MTL_ENABLE_DEBUG_INFO = YES;
				ONLY_ACTIVE_ARCH = YES;
				SDKROOT = iphoneos;
				SWIFT_OPTIMIZATION_LEVEL = "-Onone";
				TARGETED_DEVICE_FAMILY = "1,2";
			};
			name = Debug;
		};
		5F444F5A1C47F75000FA2868 /* Release */ = {
			isa = XCBuildConfiguration;
			buildSettings = {
				ALWAYS_SEARCH_USER_PATHS = NO;
				CLANG_CXX_LANGUAGE_STANDARD = "gnu++0x";
				CLANG_CXX_LIBRARY = "libc++";
				CLANG_ENABLE_MODULES = YES;
				CLANG_ENABLE_OBJC_ARC = YES;
				CLANG_WARN_BOOL_CONVERSION = YES;
				CLANG_WARN_CONSTANT_CONVERSION = YES;
				CLANG_WARN_DIRECT_OBJC_ISA_USAGE = YES_ERROR;
				CLANG_WARN_EMPTY_BODY = YES;
				CLANG_WARN_ENUM_CONVERSION = YES;
				CLANG_WARN_INT_CONVERSION = YES;
				CLANG_WARN_OBJC_ROOT_CLASS = YES_ERROR;
				CLANG_WARN_UNREACHABLE_CODE = YES;
				CLANG_WARN__DUPLICATE_METHOD_MATCH = YES;
				"CODE_SIGN_IDENTITY[sdk=iphoneos*]" = "iPhone Developer";
				COPY_PHASE_STRIP = NO;
				DEBUG_INFORMATION_FORMAT = "dwarf-with-dsym";
				ENABLE_NS_ASSERTIONS = NO;
				ENABLE_STRICT_OBJC_MSGSEND = YES;
				GCC_C_LANGUAGE_STANDARD = gnu99;
				GCC_NO_COMMON_BLOCKS = YES;
				GCC_WARN_64_TO_32_BIT_CONVERSION = YES;
				GCC_WARN_ABOUT_RETURN_TYPE = YES_ERROR;
				GCC_WARN_UNDECLARED_SELECTOR = YES;
				GCC_WARN_UNINITIALIZED_AUTOS = YES_AGGRESSIVE;
				GCC_WARN_UNUSED_FUNCTION = YES;
				GCC_WARN_UNUSED_VARIABLE = YES;
				IPHONEOS_DEPLOYMENT_TARGET = 9.2;
				MTL_ENABLE_DEBUG_INFO = NO;
				SDKROOT = iphoneos;
				TARGETED_DEVICE_FAMILY = "1,2";
				VALIDATE_PRODUCT = YES;
			};
			name = Release;
		};
		5F444F5C1C47F75000FA2868 /* Debug */ = {
			isa = XCBuildConfiguration;
			buildSettings = {
				ASSETCATALOG_COMPILER_APPICON_NAME = AppIcon;
				INFOPLIST_FILE = "SnowEffectDemo-Swift/Info.plist";
				LD_RUNPATH_SEARCH_PATHS = "$(inherited) @executable_path/Frameworks";
				PRODUCT_BUNDLE_IDENTIFIER = "com.SnowEffectDemo-Swift";
				PRODUCT_NAME = "$(TARGET_NAME)";
			};
			name = Debug;
		};
		5F444F5D1C47F75000FA2868 /* Release */ = {
			isa = XCBuildConfiguration;
			buildSettings = {
				ASSETCATALOG_COMPILER_APPICON_NAME = AppIcon;
				INFOPLIST_FILE = "SnowEffectDemo-Swift/Info.plist";
				LD_RUNPATH_SEARCH_PATHS = "$(inherited) @executable_path/Frameworks";
				PRODUCT_BUNDLE_IDENTIFIER = "com.SnowEffectDemo-Swift";
				PRODUCT_NAME = "$(TARGET_NAME)";
			};
			name = Release;
		};
		5F444F5F1C47F75000FA2868 /* Debug */ = {
			isa = XCBuildConfiguration;
			buildSettings = {
				BUNDLE_LOADER = "$(TEST_HOST)";
				INFOPLIST_FILE = "SnowEffectDemo-SwiftTests/Info.plist";
				LD_RUNPATH_SEARCH_PATHS = "$(inherited) @executable_path/Frameworks @loader_path/Frameworks";
				PRODUCT_BUNDLE_IDENTIFIER = "com.SnowEffectDemo-SwiftTests";
				PRODUCT_NAME = "$(TARGET_NAME)";
				TEST_HOST = "$(BUILT_PRODUCTS_DIR)/SnowEffectDemo-Swift.app/SnowEffectDemo-Swift";
			};
			name = Debug;
		};
		5F444F601C47F75000FA2868 /* Release */ = {
			isa = XCBuildConfiguration;
			buildSettings = {
				BUNDLE_LOADER = "$(TEST_HOST)";
				INFOPLIST_FILE = "SnowEffectDemo-SwiftTests/Info.plist";
				LD_RUNPATH_SEARCH_PATHS = "$(inherited) @executable_path/Frameworks @loader_path/Frameworks";
				PRODUCT_BUNDLE_IDENTIFIER = "com.SnowEffectDemo-SwiftTests";
				PRODUCT_NAME = "$(TARGET_NAME)";
				TEST_HOST = "$(BUILT_PRODUCTS_DIR)/SnowEffectDemo-Swift.app/SnowEffectDemo-Swift";
			};
			name = Release;
		};
		5F444F621C47F75000FA2868 /* Debug */ = {
			isa = XCBuildConfiguration;
			buildSettings = {
				INFOPLIST_FILE = "SnowEffectDemo-SwiftUITests/Info.plist";
				LD_RUNPATH_SEARCH_PATHS = "$(inherited) @executable_path/Frameworks @loader_path/Frameworks";
				PRODUCT_BUNDLE_IDENTIFIER = "com.SnowEffectDemo-SwiftUITests";
				PRODUCT_NAME = "$(TARGET_NAME)";
				TEST_TARGET_NAME = "SnowEffectDemo-Swift";
				USES_XCTRUNNER = YES;
			};
			name = Debug;
		};
		5F444F631C47F75000FA2868 /* Release */ = {
			isa = XCBuildConfiguration;
			buildSettings = {
				INFOPLIST_FILE = "SnowEffectDemo-SwiftUITests/Info.plist";
				LD_RUNPATH_SEARCH_PATHS = "$(inherited) @executable_path/Frameworks @loader_path/Frameworks";
				PRODUCT_BUNDLE_IDENTIFIER = "com.SnowEffectDemo-SwiftUITests";
				PRODUCT_NAME = "$(TARGET_NAME)";
				TEST_TARGET_NAME = "SnowEffectDemo-Swift";
				USES_XCTRUNNER = YES;
			};
			name = Release;
		};
/* End XCBuildConfiguration section */

/* Begin XCConfigurationList section */
		5F444F2E1C47F74F00FA2868 /* Build configuration list for PBXProject "SnowEffectDemo-Swift" */ = {
			isa = XCConfigurationList;
			buildConfigurations = (
				5F444F591C47F75000FA2868 /* Debug */,
				5F444F5A1C47F75000FA2868 /* Release */,
			);
			defaultConfigurationIsVisible = 0;
			defaultConfigurationName = Release;
		};
		5F444F5B1C47F75000FA2868 /* Build configuration list for PBXNativeTarget "SnowEffectDemo-Swift" */ = {
			isa = XCConfigurationList;
			buildConfigurations = (
				5F444F5C1C47F75000FA2868 /* Debug */,
				5F444F5D1C47F75000FA2868 /* Release */,
			);
			defaultConfigurationIsVisible = 0;
		};
		5F444F5E1C47F75000FA2868 /* Build configuration list for PBXNativeTarget "SnowEffectDemo-SwiftTests" */ = {
			isa = XCConfigurationList;
			buildConfigurations = (
				5F444F5F1C47F75000FA2868 /* Debug */,
				5F444F601C47F75000FA2868 /* Release */,
			);
			defaultConfigurationIsVisible = 0;
		};
		5F444F611C47F75000FA2868 /* Build configuration list for PBXNativeTarget "SnowEffectDemo-SwiftUITests" */ = {
			isa = XCConfigurationList;
			buildConfigurations = (
				5F444F621C47F75000FA2868 /* Debug */,
				5F444F631C47F75000FA2868 /* Release */,
			);
			defaultConfigurationIsVisible = 0;
		};
/* End XCConfigurationList section */
	};
	rootObject = 5F444F2B1C47F74F00FA2868 /* Project object */;
}
