// !$*UTF8*$!
{
	archiveVersion = 1;
	classes = {
	};
	objectVersion = 46;
	objects = {

/* Begin PBXBuildFile section */
		5F49CE5C1B26C3BB00C304FE /* main.m in Sources */ = {isa = PBXBuildFile; fileRef = 5F49CE5B1B26C3BB00C304FE /* main.m */; };
		5F49CE5F1B26C3BB00C304FE /* AppDelegate.m in Sources */ = {isa = PBXBuildFile; fileRef = 5F49CE5E1B26C3BB00C304FE /* AppDelegate.m */; };
		5F49CE621B26C3BB00C304FE /* ViewController.m in Sources */ = {isa = PBXBuildFile; fileRef = 5F49CE611B26C3BB00C304FE /* ViewController.m */; };
		5F49CE651B26C3BB00C304FE /* Main.storyboard in Resources */ = {isa = PBXBuildFile; fileRef = 5F49CE631B26C3BB00C304FE /* Main.storyboard */; };
		5F49CE671B26C3BB00C304FE /* Images.xcassets in Resources */ = {isa = PBXBuildFile; fileRef = 5F49CE661B26C3BB00C304FE /* Images.xcassets */; };
		5F49CE6A1B26C3BB00C304FE /* LaunchScreen.xib in Resources */ = {isa = PBXBuildFile; fileRef = 5F49CE681B26C3BB00C304FE /* LaunchScreen.xib */; };
		5F49CE761B26C3BC00C304FE /* KYAnimatedPageControl_DemoTests.m in Sources */ = {isa = PBXBuildFile; fileRef = 5F49CE751B26C3BC00C304FE /* KYAnimatedPageControl_DemoTests.m */; };
		5F793B251B28345A00A77B17 /* KYSpringLayerAnimation.m in Sources */ = {isa = PBXBuildFile; fileRef = 5F793B241B28345A00A77B17 /* KYSpringLayerAnimation.m */; };
		5F793B2C1B286F5100A77B17 /* KYAnimatedPageControl.m in Sources */ = {isa = PBXBuildFile; fileRef = 5F793B2B1B286F5100A77B17 /* KYAnimatedPageControl.m */; };
		5F793B301B289F2500A77B17 /* GooeyCircle.m in Sources */ = {isa = PBXBuildFile; fileRef = 5F793B2F1B289F2500A77B17 /* GooeyCircle.m */; };
		5F793B371B28A1B200A77B17 /* Line.m in Sources */ = {isa = PBXBuildFile; fileRef = 5F793B361B28A1B200A77B17 /* Line.m */; };
		5F793B3E1B29965700A77B17 /* DemoCell.m in Sources */ = {isa = PBXBuildFile; fileRef = 5F793B3D1B29965700A77B17 /* DemoCell.m */; };
		5F793B421B2A881D00A77B17 /* RotateRect.m in Sources */ = {isa = PBXBuildFile; fileRef = 5F793B411B2A881D00A77B17 /* RotateRect.m */; };
		5F793B461B2A935E00A77B17 /* Indicator.m in Sources */ = {isa = PBXBuildFile; fileRef = 5F793B451B2A935E00A77B17 /* Indicator.m */; };
/* End PBXBuildFile section */

/* Begin PBXContainerItemProxy section */
		5F49CE701B26C3BC00C304FE /* PBXContainerItemProxy */ = {
			isa = PBXContainerItemProxy;
			containerPortal = 5F49CE4E1B26C3BB00C304FE /* Project object */;
			proxyType = 1;
			remoteGlobalIDString = 5F49CE551B26C3BB00C304FE;
			remoteInfo = "KYAnimatedPageControl-Demo";
		};
/* End PBXContainerItemProxy section */

/* Begin PBXFileReference section */
		5F49CE561B26C3BB00C304FE /* KYAnimatedPageControl-Demo.app */ = {isa = PBXFileReference; explicitFileType = wrapper.application; includeInIndex = 0; path = "KYAnimatedPageControl-Demo.app"; sourceTree = BUILT_PRODUCTS_DIR; };
		5F49CE5A1B26C3BB00C304FE /* Info.plist */ = {isa = PBXFileReference; lastKnownFileType = text.plist.xml; path = Info.plist; sourceTree = "<group>"; };
		5F49CE5B1B26C3BB00C304FE /* main.m */ = {isa = PBXFileReference; lastKnownFileType = sourcecode.c.objc; path = main.m; sourceTree = "<group>"; };
		5F49CE5D1B26C3BB00C304FE /* AppDelegate.h */ = {isa = PBXFileReference; lastKnownFileType = sourcecode.c.h; path = AppDelegate.h; sourceTree = "<group>"; };
		5F49CE5E1B26C3BB00C304FE /* AppDelegate.m */ = {isa = PBXFileReference; lastKnownFileType = sourcecode.c.objc; path = AppDelegate.m; sourceTree = "<group>"; };
		5F49CE601B26C3BB00C304FE /* ViewController.h */ = {isa = PBXFileReference; lastKnownFileType = sourcecode.c.h; path = ViewController.h; sourceTree = "<group>"; };
		5F49CE611B26C3BB00C304FE /* ViewController.m */ = {isa = PBXFileReference; lastKnownFileType = sourcecode.c.objc; path = ViewController.m; sourceTree = "<group>"; };
		5F49CE641B26C3BB00C304FE /* Base */ = {isa = PBXFileReference; lastKnownFileType = file.storyboard; name = Base; path = Base.lproj/Main.storyboard; sourceTree = "<group>"; };
		5F49CE661B26C3BB00C304FE /* Images.xcassets */ = {isa = PBXFileReference; lastKnownFileType = folder.assetcatalog; path = Images.xcassets; sourceTree = "<group>"; };
		5F49CE691B26C3BB00C304FE /* Base */ = {isa = PBXFileReference; lastKnownFileType = file.xib; name = Base; path = Base.lproj/LaunchScreen.xib; sourceTree = "<group>"; };
		5F49CE6F1B26C3BC00C304FE /* KYAnimatedPageControl-DemoTests.xctest */ = {isa = PBXFileReference; explicitFileType = wrapper.cfbundle; includeInIndex = 0; path = "KYAnimatedPageControl-DemoTests.xctest"; sourceTree = BUILT_PRODUCTS_DIR; };
		5F49CE741B26C3BC00C304FE /* Info.plist */ = {isa = PBXFileReference; lastKnownFileType = text.plist.xml; path = Info.plist; sourceTree = "<group>"; };
		5F49CE751B26C3BC00C304FE /* KYAnimatedPageControl_DemoTests.m */ = {isa = PBXFileReference; lastKnownFileType = sourcecode.c.objc; path = KYAnimatedPageControl_DemoTests.m; sourceTree = "<group>"; };
		5F793B231B28345A00A77B17 /* KYSpringLayerAnimation.h */ = {isa = PBXFileReference; fileEncoding = 4; lastKnownFileType = sourcecode.c.h; name = KYSpringLayerAnimation.h; path = Classes/KYSpringLayerAnimation.h; sourceTree = SOURCE_ROOT; };
		5F793B241B28345A00A77B17 /* KYSpringLayerAnimation.m */ = {isa = PBXFileReference; fileEncoding = 4; lastKnownFileType = sourcecode.c.objc; name = KYSpringLayerAnimation.m; path = Classes/KYSpringLayerAnimation.m; sourceTree = SOURCE_ROOT; };
		5F793B2A1B286F5100A77B17 /* KYAnimatedPageControl.h */ = {isa = PBXFileReference; fileEncoding = 4; lastKnownFileType = sourcecode.c.h; name = KYAnimatedPageControl.h; path = Classes/KYAnimatedPageControl.h; sourceTree = SOURCE_ROOT; };
		5F793B2B1B286F5100A77B17 /* KYAnimatedPageControl.m */ = {isa = PBXFileReference; fileEncoding = 4; lastKnownFileType = sourcecode.c.objc; name = KYAnimatedPageControl.m; path = Classes/KYAnimatedPageControl.m; sourceTree = SOURCE_ROOT; };
		5F793B2E1B289F2500A77B17 /* GooeyCircle.h */ = {isa = PBXFileReference; fileEncoding = 4; lastKnownFileType = sourcecode.c.h; name = GooeyCircle.h; path = Classes/GooeyCircle.h; sourceTree = SOURCE_ROOT; };
		5F793B2F1B289F2500A77B17 /* GooeyCircle.m */ = {isa = PBXFileReference; fileEncoding = 4; lastKnownFileType = sourcecode.c.objc; name = GooeyCircle.m; path = Classes/GooeyCircle.m; sourceTree = SOURCE_ROOT; };
		5F793B351B28A1B200A77B17 /* Line.h */ = {isa = PBXFileReference; fileEncoding = 4; lastKnownFileType = sourcecode.c.h; name = Line.h; path = Classes/Line.h; sourceTree = SOURCE_ROOT; };
		5F793B361B28A1B200A77B17 /* Line.m */ = {isa = PBXFileReference; fileEncoding = 4; lastKnownFileType = sourcecode.c.objc; name = Line.m; path = Classes/Line.m; sourceTree = SOURCE_ROOT; };
		5F793B3C1B29965600A77B17 /* DemoCell.h */ = {isa = PBXFileReference; fileEncoding = 4; lastKnownFileType = sourcecode.c.h; path = DemoCell.h; sourceTree = "<group>"; };
		5F793B3D1B29965700A77B17 /* DemoCell.m */ = {isa = PBXFileReference; fileEncoding = 4; lastKnownFileType = sourcecode.c.objc; path = DemoCell.m; sourceTree = "<group>"; };
		5F793B401B2A881D00A77B17 /* RotateRect.h */ = {isa = PBXFileReference; fileEncoding = 4; lastKnownFileType = sourcecode.c.h; name = RotateRect.h; path = Classes/RotateRect.h; sourceTree = SOURCE_ROOT; };
		5F793B411B2A881D00A77B17 /* RotateRect.m */ = {isa = PBXFileReference; fileEncoding = 4; lastKnownFileType = sourcecode.c.objc; name = RotateRect.m; path = Classes/RotateRect.m; sourceTree = SOURCE_ROOT; };
		5F793B441B2A935E00A77B17 /* Indicator.h */ = {isa = PBXFileReference; fileEncoding = 4; lastKnownFileType = sourcecode.c.h; name = Indicator.h; path = Classes/Indicator.h; sourceTree = SOURCE_ROOT; };
		5F793B451B2A935E00A77B17 /* Indicator.m */ = {isa = PBXFileReference; fileEncoding = 4; lastKnownFileType = sourcecode.c.objc; name = Indicator.m; path = Classes/Indicator.m; sourceTree = SOURCE_ROOT; };
/* End PBXFileReference section */

/* Begin PBXFrameworksBuildPhase section */
		5F49CE531B26C3BB00C304FE /* Frameworks */ = {
			isa = PBXFrameworksBuildPhase;
			buildActionMask = 2147483647;
			files = (
			);
			runOnlyForDeploymentPostprocessing = 0;
		};
		5F49CE6C1B26C3BC00C304FE /* Frameworks */ = {
			isa = PBXFrameworksBuildPhase;
			buildActionMask = 2147483647;
			files = (
			);
			runOnlyForDeploymentPostprocessing = 0;
		};
/* End PBXFrameworksBuildPhase section */

/* Begin PBXGroup section */
		5F49CE4D1B26C3BB00C304FE = {
			isa = PBXGroup;
			children = (
				5F49CE581B26C3BB00C304FE /* KYAnimatedPageControl-Demo */,
				5F49CE721B26C3BC00C304FE /* KYAnimatedPageControl-DemoTests */,
				5F49CE571B26C3BB00C304FE /* Products */,
			);
			sourceTree = "<group>";
		};
		5F49CE571B26C3BB00C304FE /* Products */ = {
			isa = PBXGroup;
			children = (
				5F49CE561B26C3BB00C304FE /* KYAnimatedPageControl-Demo.app */,
				5F49CE6F1B26C3BC00C304FE /* KYAnimatedPageControl-DemoTests.xctest */,
			);
			name = Products;
			sourceTree = "<group>";
		};
		5F49CE581B26C3BB00C304FE /* KYAnimatedPageControl-Demo */ = {
			isa = PBXGroup;
			children = (
				5F49CE5D1B26C3BB00C304FE /* AppDelegate.h */,
				5F49CE5E1B26C3BB00C304FE /* AppDelegate.m */,
				5F793B3C1B29965600A77B17 /* DemoCell.h */,
				5F793B3D1B29965700A77B17 /* DemoCell.m */,
				5F49CE601B26C3BB00C304FE /* ViewController.h */,
				5F49CE611B26C3BB00C304FE /* ViewController.m */,
				5F793B2D1B286F5900A77B17 /* KYAnimatedPageControl */,
				5F49CE631B26C3BB00C304FE /* Main.storyboard */,
				5F49CE661B26C3BB00C304FE /* Images.xcassets */,
				5F49CE681B26C3BB00C304FE /* LaunchScreen.xib */,
				5F49CE591B26C3BB00C304FE /* Supporting Files */,
			);
			path = "KYAnimatedPageControl-Demo";
			sourceTree = "<group>";
		};
		5F49CE591B26C3BB00C304FE /* Supporting Files */ = {
			isa = PBXGroup;
			children = (
				5F49CE5A1B26C3BB00C304FE /* Info.plist */,
				5F49CE5B1B26C3BB00C304FE /* main.m */,
			);
			name = "Supporting Files";
			sourceTree = "<group>";
		};
		5F49CE721B26C3BC00C304FE /* KYAnimatedPageControl-DemoTests */ = {
			isa = PBXGroup;
			children = (
				5F49CE751B26C3BC00C304FE /* KYAnimatedPageControl_DemoTests.m */,
				5F49CE731B26C3BC00C304FE /* Supporting Files */,
			);
			path = "KYAnimatedPageControl-DemoTests";
			sourceTree = "<group>";
		};
		5F49CE731B26C3BC00C304FE /* Supporting Files */ = {
			isa = PBXGroup;
			children = (
				5F49CE741B26C3BC00C304FE /* Info.plist */,
			);
			name = "Supporting Files";
			sourceTree = "<group>";
		};
		5F793B291B286F4500A77B17 /* SpringAnimation */ = {
			isa = PBXGroup;
			children = (
				5F793B231B28345A00A77B17 /* KYSpringLayerAnimation.h */,
				5F793B241B28345A00A77B17 /* KYSpringLayerAnimation.m */,
			);
			name = SpringAnimation;
			sourceTree = "<group>";
		};
		5F793B2D1B286F5900A77B17 /* KYAnimatedPageControl */ = {
			isa = PBXGroup;
			children = (
				5F793B2A1B286F5100A77B17 /* KYAnimatedPageControl.h */,
				5F793B2B1B286F5100A77B17 /* KYAnimatedPageControl.m */,
				5F793B381B28A1BA00A77B17 /* Line */,
				5F793B341B289FD000A77B17 /* IndicatorStyle */,
				5F793B291B286F4500A77B17 /* SpringAnimation */,
			);
			name = KYAnimatedPageControl;
			sourceTree = "<group>";
		};
		5F793B341B289FD000A77B17 /* IndicatorStyle */ = {
			isa = PBXGroup;
			children = (
				5F793B471B2A936800A77B17 /* Indicator */,
				5F793B3F1B2A87EA00A77B17 /* GooeyCircle */,
				5F793B431B2A882400A77B17 /* RotateRect */,
			);
			name = IndicatorStyle;
			sourceTree = "<group>";
		};
		5F793B381B28A1BA00A77B17 /* Line */ = {
			isa = PBXGroup;
			children = (
				5F793B351B28A1B200A77B17 /* Line.h */,
				5F793B361B28A1B200A77B17 /* Line.m */,
			);
			name = Line;
			sourceTree = "<group>";
		};
		5F793B3F1B2A87EA00A77B17 /* GooeyCircle */ = {
			isa = PBXGroup;
			children = (
				5F793B2E1B289F2500A77B17 /* GooeyCircle.h */,
				5F793B2F1B289F2500A77B17 /* GooeyCircle.m */,
			);
			name = GooeyCircle;
			sourceTree = "<group>";
		};
		5F793B431B2A882400A77B17 /* RotateRect */ = {
			isa = PBXGroup;
			children = (
				5F793B401B2A881D00A77B17 /* RotateRect.h */,
				5F793B411B2A881D00A77B17 /* RotateRect.m */,
			);
			name = RotateRect;
			sourceTree = "<group>";
		};
		5F793B471B2A936800A77B17 /* Indicator */ = {
			isa = PBXGroup;
			children = (
				5F793B441B2A935E00A77B17 /* Indicator.h */,
				5F793B451B2A935E00A77B17 /* Indicator.m */,
			);
			name = Indicator;
			sourceTree = "<group>";
		};
/* End PBXGroup section */

/* Begin PBXNativeTarget section */
		5F49CE551B26C3BB00C304FE /* KYAnimatedPageControl-Demo */ = {
			isa = PBXNativeTarget;
			buildConfigurationList = 5F49CE791B26C3BC00C304FE /* Build configuration list for PBXNativeTarget "KYAnimatedPageControl-Demo" */;
			buildPhases = (
				5F49CE521B26C3BB00C304FE /* Sources */,
				5F49CE531B26C3BB00C304FE /* Frameworks */,
				5F49CE541B26C3BB00C304FE /* Resources */,
			);
			buildRules = (
			);
			dependencies = (
			);
			name = "KYAnimatedPageControl-Demo";
			productName = "KYAnimatedPageControl-Demo";
			productReference = 5F49CE561B26C3BB00C304FE /* KYAnimatedPageControl-Demo.app */;
			productType = "com.apple.product-type.application";
		};
		5F49CE6E1B26C3BC00C304FE /* KYAnimatedPageControl-DemoTests */ = {
			isa = PBXNativeTarget;
			buildConfigurationList = 5F49CE7C1B26C3BC00C304FE /* Build configuration list for PBXNativeTarget "KYAnimatedPageControl-DemoTests" */;
			buildPhases = (
				5F49CE6B1B26C3BC00C304FE /* Sources */,
				5F49CE6C1B26C3BC00C304FE /* Frameworks */,
				5F49CE6D1B26C3BC00C304FE /* Resources */,
			);
			buildRules = (
			);
			dependencies = (
				5F49CE711B26C3BC00C304FE /* PBXTargetDependency */,
			);
			name = "KYAnimatedPageControl-DemoTests";
			productName = "KYAnimatedPageControl-DemoTests";
			productReference = 5F49CE6F1B26C3BC00C304FE /* KYAnimatedPageControl-DemoTests.xctest */;
			productType = "com.apple.product-type.bundle.unit-test";
		};
/* End PBXNativeTarget section */

/* Begin PBXProject section */
		5F49CE4E1B26C3BB00C304FE /* Project object */ = {
			isa = PBXProject;
			attributes = {
				LastUpgradeCheck = 0630;
				ORGANIZATIONNAME = "Kitten Yang";
				TargetAttributes = {
					5F49CE551B26C3BB00C304FE = {
						CreatedOnToolsVersion = 6.3;
					};
					5F49CE6E1B26C3BC00C304FE = {
						CreatedOnToolsVersion = 6.3;
						TestTargetID = 5F49CE551B26C3BB00C304FE;
					};
				};
			};
			buildConfigurationList = 5F49CE511B26C3BB00C304FE /* Build configuration list for PBXProject "KYAnimatedPageControl-Demo" */;
			compatibilityVersion = "Xcode 3.2";
			developmentRegion = English;
			hasScannedForEncodings = 0;
			knownRegions = (
				en,
				Base,
			);
			mainGroup = 5F49CE4D1B26C3BB00C304FE;
			productRefGroup = 5F49CE571B26C3BB00C304FE /* Products */;
			projectDirPath = "";
			projectRoot = "";
			targets = (
				5F49CE551B26C3BB00C304FE /* KYAnimatedPageControl-Demo */,
				5F49CE6E1B26C3BC00C304FE /* KYAnimatedPageControl-DemoTests */,
			);
		};
/* End PBXProject section */

/* Begin PBXResourcesBuildPhase section */
		5F49CE541B26C3BB00C304FE /* Resources */ = {
			isa = PBXResourcesBuildPhase;
			buildActionMask = 2147483647;
			files = (
				5F49CE651B26C3BB00C304FE /* Main.storyboard in Resources */,
				5F49CE6A1B26C3BB00C304FE /* LaunchScreen.xib in Resources */,
				5F49CE671B26C3BB00C304FE /* Images.xcassets in Resources */,
			);
			runOnlyForDeploymentPostprocessing = 0;
		};
		5F49CE6D1B26C3BC00C304FE /* Resources */ = {
			isa = PBXResourcesBuildPhase;
			buildActionMask = 2147483647;
			files = (
			);
			runOnlyForDeploymentPostprocessing = 0;
		};
/* End PBXResourcesBuildPhase section */

/* Begin PBXSourcesBuildPhase section */
		5F49CE521B26C3BB00C304FE /* Sources */ = {
			isa = PBXSourcesBuildPhase;
			buildActionMask = 2147483647;
			files = (
				5F49CE621B26C3BB00C304FE /* ViewController.m in Sources */,
				5F793B3E1B29965700A77B17 /* DemoCell.m in Sources */,
				5F793B421B2A881D00A77B17 /* RotateRect.m in Sources */,
				5F793B371B28A1B200A77B17 /* Line.m in Sources */,
				5F49CE5F1B26C3BB00C304FE /* AppDelegate.m in Sources */,
				5F49CE5C1B26C3BB00C304FE /* main.m in Sources */,
				5F793B2C1B286F5100A77B17 /* KYAnimatedPageControl.m in Sources */,
				5F793B461B2A935E00A77B17 /* Indicator.m in Sources */,
				5F793B251B28345A00A77B17 /* KYSpringLayerAnimation.m in Sources */,
				5F793B301B289F2500A77B17 /* GooeyCircle.m in Sources */,
			);
			runOnlyForDeploymentPostprocessing = 0;
		};
		5F49CE6B1B26C3BC00C304FE /* Sources */ = {
			isa = PBXSourcesBuildPhase;
			buildActionMask = 2147483647;
			files = (
				5F49CE761B26C3BC00C304FE /* KYAnimatedPageControl_DemoTests.m in Sources */,
			);
			runOnlyForDeploymentPostprocessing = 0;
		};
/* End PBXSourcesBuildPhase section */

/* Begin PBXTargetDependency section */
		5F49CE711B26C3BC00C304FE /* PBXTargetDependency */ = {
			isa = PBXTargetDependency;
			target = 5F49CE551B26C3BB00C304FE /* KYAnimatedPageControl-Demo */;
			targetProxy = 5F49CE701B26C3BC00C304FE /* PBXContainerItemProxy */;
		};
/* End PBXTargetDependency section */

/* Begin PBXVariantGroup section */
		5F49CE631B26C3BB00C304FE /* Main.storyboard */ = {
			isa = PBXVariantGroup;
			children = (
				5F49CE641B26C3BB00C304FE /* Base */,
			);
			name = Main.storyboard;
			sourceTree = "<group>";
		};
		5F49CE681B26C3BB00C304FE /* LaunchScreen.xib */ = {
			isa = PBXVariantGroup;
			children = (
				5F49CE691B26C3BB00C304FE /* Base */,
			);
			name = LaunchScreen.xib;
			sourceTree = "<group>";
		};
/* End PBXVariantGroup section */

/* Begin XCBuildConfiguration section */
		5F49CE771B26C3BC00C304FE /* Debug */ = {
			isa = XCBuildConfiguration;
			buildSettings = {
				ALWAYS_SEARCH_USER_PATHS = NO;
				CLANG_CXX_LANGUAGE_STANDARD = "gnu++0x";
				CLANG_CXX_LIBRARY = "libc++";
				CLANG_ENABLE_MODULES = YES;
				CLANG_ENABLE_OBJC_ARC = YES;
				CLANG_WARN_BOOL_CONVERSION = YES;
				CLANG_WARN_CONSTANT_CONVERSION = YES;
				CLANG_WARN_DIRECT_OBJC_ISA_USAGE = YES_ERROR;
				CLANG_WARN_EMPTY_BODY = YES;
				CLANG_WARN_ENUM_CONVERSION = YES;
				CLANG_WARN_INT_CONVERSION = YES;
				CLANG_WARN_OBJC_ROOT_CLASS = YES_ERROR;
				CLANG_WARN_UNREACHABLE_CODE = YES;
				CLANG_WARN__DUPLICATE_METHOD_MATCH = YES;
				"CODE_SIGN_IDENTITY[sdk=iphoneos*]" = "iPhone Developer";
				COPY_PHASE_STRIP = NO;
				DEBUG_INFORMATION_FORMAT = "dwarf-with-dsym";
				ENABLE_STRICT_OBJC_MSGSEND = YES;
				GCC_C_LANGUAGE_STANDARD = gnu99;
				GCC_DYNAMIC_NO_PIC = NO;
				GCC_NO_COMMON_BLOCKS = YES;
				GCC_OPTIMIZATION_LEVEL = 0;
				GCC_PREPROCESSOR_DEFINITIONS = (
					"DEBUG=1",
					"$(inherited)",
				);
				GCC_SYMBOLS_PRIVATE_EXTERN = NO;
				GCC_WARN_64_TO_32_BIT_CONVERSION = YES;
				GCC_WARN_ABOUT_RETURN_TYPE = YES_ERROR;
				GCC_WARN_UNDECLARED_SELECTOR = YES;
				GCC_WARN_UNINITIALIZED_AUTOS = YES_AGGRESSIVE;
				GCC_WARN_UNUSED_FUNCTION = YES;
				GCC_WARN_UNUSED_VARIABLE = YES;
				IPHONEOS_DEPLOYMENT_TARGET = 7.0;
				MTL_ENABLE_DEBUG_INFO = YES;
				ONLY_ACTIVE_ARCH = YES;
				SDKROOT = iphoneos;
				TARGETED_DEVICE_FAMILY = "1,2";
			};
			name = Debug;
		};
		5F49CE781B26C3BC00C304FE /* Release */ = {
			isa = XCBuildConfiguration;
			buildSettings = {
				ALWAYS_SEARCH_USER_PATHS = NO;
				CLANG_CXX_LANGUAGE_STANDARD = "gnu++0x";
				CLANG_CXX_LIBRARY = "libc++";
				CLANG_ENABLE_MODULES = YES;
				CLANG_ENABLE_OBJC_ARC = YES;
				CLANG_WARN_BOOL_CONVERSION = YES;
				CLANG_WARN_CONSTANT_CONVERSION = YES;
				CLANG_WARN_DIRECT_OBJC_ISA_USAGE = YES_ERROR;
				CLANG_WARN_EMPTY_BODY = YES;
				CLANG_WARN_ENUM_CONVERSION = YES;
				CLANG_WARN_INT_CONVERSION = YES;
				CLANG_WARN_OBJC_ROOT_CLASS = YES_ERROR;
				CLANG_WARN_UNREACHABLE_CODE = YES;
				CLANG_WARN__DUPLICATE_METHOD_MATCH = YES;
				"CODE_SIGN_IDENTITY[sdk=iphoneos*]" = "iPhone Developer";
				COPY_PHASE_STRIP = NO;
				DEBUG_INFORMATION_FORMAT = "dwarf-with-dsym";
				ENABLE_NS_ASSERTIONS = NO;
				ENABLE_STRICT_OBJC_MSGSEND = YES;
				GCC_C_LANGUAGE_STANDARD = gnu99;
				GCC_NO_COMMON_BLOCKS = YES;
				GCC_WARN_64_TO_32_BIT_CONVERSION = YES;
				GCC_WARN_ABOUT_RETURN_TYPE = YES_ERROR;
				GCC_WARN_UNDECLARED_SELECTOR = YES;
				GCC_WARN_UNINITIALIZED_AUTOS = YES_AGGRESSIVE;
				GCC_WARN_UNUSED_FUNCTION = YES;
				GCC_WARN_UNUSED_VARIABLE = YES;
				IPHONEOS_DEPLOYMENT_TARGET = 7.0;
				MTL_ENABLE_DEBUG_INFO = NO;
				SDKROOT = iphoneos;
				TARGETED_DEVICE_FAMILY = "1,2";
				VALIDATE_PRODUCT = YES;
			};
			name = Release;
		};
		5F49CE7A1B26C3BC00C304FE /* Debug */ = {
			isa = XCBuildConfiguration;
			buildSettings = {
				ARCHS = "$(ARCHS_STANDARD)";
				ASSETCATALOG_COMPILER_APPICON_NAME = AppIcon;
				INFOPLIST_FILE = "KYAnimatedPageControl-Demo/Info.plist";
				IPHONEOS_DEPLOYMENT_TARGET = 7.0;
				LD_RUNPATH_SEARCH_PATHS = "$(inherited) @executable_path/Frameworks";
				PRODUCT_NAME = "$(TARGET_NAME)";
				VALID_ARCHS = "arm64 armv7 armv7s";
			};
			name = Debug;
		};
		5F49CE7B1B26C3BC00C304FE /* Release */ = {
			isa = XCBuildConfiguration;
			buildSettings = {
				ARCHS = "$(ARCHS_STANDARD)";
				ASSETCATALOG_COMPILER_APPICON_NAME = AppIcon;
				INFOPLIST_FILE = "KYAnimatedPageControl-Demo/Info.plist";
				IPHONEOS_DEPLOYMENT_TARGET = 7.0;
				LD_RUNPATH_SEARCH_PATHS = "$(inherited) @executable_path/Frameworks";
				PRODUCT_NAME = "$(TARGET_NAME)";
				VALID_ARCHS = "arm64 armv7 armv7s";
			};
			name = Release;
		};
		5F49CE7D1B26C3BC00C304FE /* Debug */ = {
			isa = XCBuildConfiguration;
			buildSettings = {
				BUNDLE_LOADER = "$(TEST_HOST)";
				FRAMEWORK_SEARCH_PATHS = (
					"$(SDKROOT)/Developer/Library/Frameworks",
					"$(inherited)",
				);
				GCC_PREPROCESSOR_DEFINITIONS = (
					"DEBUG=1",
					"$(inherited)",
				);
				INFOPLIST_FILE = "KYAnimatedPageControl-DemoTests/Info.plist";
				LD_RUNPATH_SEARCH_PATHS = "$(inherited) @executable_path/Frameworks @loader_path/Frameworks";
				PRODUCT_NAME = "$(TARGET_NAME)";
				TEST_HOST = "$(BUILT_PRODUCTS_DIR)/KYAnimatedPageControl-Demo.app/KYAnimatedPageControl-Demo";
			};
			name = Debug;
		};
		5F49CE7E1B26C3BC00C304FE /* Release */ = {
			isa = XCBuildConfiguration;
			buildSettings = {
				BUNDLE_LOADER = "$(TEST_HOST)";
				FRAMEWORK_SEARCH_PATHS = (
					"$(SDKROOT)/Developer/Library/Frameworks",
					"$(inherited)",
				);
				INFOPLIST_FILE = "KYAnimatedPageControl-DemoTests/Info.plist";
				LD_RUNPATH_SEARCH_PATHS = "$(inherited) @executable_path/Frameworks @loader_path/Frameworks";
				PRODUCT_NAME = "$(TARGET_NAME)";
				TEST_HOST = "$(BUILT_PRODUCTS_DIR)/KYAnimatedPageControl-Demo.app/KYAnimatedPageControl-Demo";
			};
			name = Release;
		};
/* End XCBuildConfiguration section */

/* Begin XCConfigurationList section */
		5F49CE511B26C3BB00C304FE /* Build configuration list for PBXProject "KYAnimatedPageControl-Demo" */ = {
			isa = XCConfigurationList;
			buildConfigurations = (
				5F49CE771B26C3BC00C304FE /* Debug */,
				5F49CE781B26C3BC00C304FE /* Release */,
			);
			defaultConfigurationIsVisible = 0;
			defaultConfigurationName = Release;
		};
		5F49CE791B26C3BC00C304FE /* Build configuration list for PBXNativeTarget "KYAnimatedPageControl-Demo" */ = {
			isa = XCConfigurationList;
			buildConfigurations = (
				5F49CE7A1B26C3BC00C304FE /* Debug */,
				5F49CE7B1B26C3BC00C304FE /* Release */,
			);
			defaultConfigurationIsVisible = 0;
			defaultConfigurationName = Release;
		};
		5F49CE7C1B26C3BC00C304FE /* Build configuration list for PBXNativeTarget "KYAnimatedPageControl-DemoTests" */ = {
			isa = XCConfigurationList;
			buildConfigurations = (
				5F49CE7D1B26C3BC00C304FE /* Debug */,
				5F49CE7E1B26C3BC00C304FE /* Release */,
			);
			defaultConfigurationIsVisible = 0;
			defaultConfigurationName = Release;
		};
/* End XCConfigurationList section */
	};
	rootObject = 5F49CE4E1B26C3BB00C304FE /* Project object */;
}
